// !$*UTF8*$!
{
	archiveVersion = 1;
	classes = {
	};
	objectVersion = 51;
	objects = {

/* Begin PBXBuildFile section */
		767BAE4E758BE4B75DBB95D5 /* Pods_SwiftComponentsDemo.framework in Frameworks */ = {isa = PBXBuildFile; fileRef = D1EB4A7BBC4444795EB5EE5F /* Pods_SwiftComponentsDemo.framework */; };
		DF19C69C24D2F700000ABBE8 /* mc.swift in Sources */ = {isa = PBXBuildFile; fileRef = DF19C64224D2F700000ABBE8 /* mc.swift */; };
		DF19C69D24D2F700000ABBE8 /* AppPermissionService.swift in Sources */ = {isa = PBXBuildFile; fileRef = DF19C64324D2F700000ABBE8 /* AppPermissionService.swift */; };
		DF19C69E24D2F700000ABBE8 /* LZPresentTransitioningAnimate.swift in Sources */ = {isa = PBXBuildFile; fileRef = DF19C64524D2F700000ABBE8 /* LZPresentTransitioningAnimate.swift */; };
		DF19C69F24D2F700000ABBE8 /* LZPresentationControlller.swift in Sources */ = {isa = PBXBuildFile; fileRef = DF19C64624D2F700000ABBE8 /* LZPresentationControlller.swift */; };
		DF19C6A024D2F700000ABBE8 /* LZPopupTransitioningAnimate.swift in Sources */ = {isa = PBXBuildFile; fileRef = DF19C64724D2F700000ABBE8 /* LZPopupTransitioningAnimate.swift */; };
		DF19C6A124D2F700000ABBE8 /* LZTransitioningAnimate.swift in Sources */ = {isa = PBXBuildFile; fileRef = DF19C64824D2F700000ABBE8 /* LZTransitioningAnimate.swift */; };
		DF19C6A224D2F700000ABBE8 /* Log.swift in Sources */ = {isa = PBXBuildFile; fileRef = DF19C64924D2F700000ABBE8 /* Log.swift */; };
		DF19C6A324D2F700000ABBE8 /* URLHandler.swift in Sources */ = {isa = PBXBuildFile; fileRef = DF19C64A24D2F700000ABBE8 /* URLHandler.swift */; };
		DF19C6A424D2F700000ABBE8 /* Notification.Name+Extension.swift in Sources */ = {isa = PBXBuildFile; fileRef = DF19C64B24D2F700000ABBE8 /* Notification.Name+Extension.swift */; };
		DF19C6A524D2F700000ABBE8 /* KeyChainUUID.swift in Sources */ = {isa = PBXBuildFile; fileRef = DF19C64C24D2F700000ABBE8 /* KeyChainUUID.swift */; };
		DF19C6A624D2F700000ABBE8 /* LZNavView.swift in Sources */ = {isa = PBXBuildFile; fileRef = DF19C64E24D2F700000ABBE8 /* LZNavView.swift */; };
		DF19C6A724D2F700000ABBE8 /* LZToolBar.swift in Sources */ = {isa = PBXBuildFile; fileRef = DF19C64F24D2F700000ABBE8 /* LZToolBar.swift */; };
		DF19C6A824D2F700000ABBE8 /* TitleSubtitleLabel.swift in Sources */ = {isa = PBXBuildFile; fileRef = DF19C65024D2F700000ABBE8 /* TitleSubtitleLabel.swift */; };
		DF19C6A924D2F700000ABBE8 /* QuickUI.swift in Sources */ = {isa = PBXBuildFile; fileRef = DF19C65124D2F700000ABBE8 /* QuickUI.swift */; };
		DF19C6AA24D2F700000ABBE8 /* InfoCell.swift in Sources */ = {isa = PBXBuildFile; fileRef = DF19C65224D2F700000ABBE8 /* InfoCell.swift */; };
		DF19C6AB24D2F700000ABBE8 /* LZButton.swift in Sources */ = {isa = PBXBuildFile; fileRef = DF19C65324D2F700000ABBE8 /* LZButton.swift */; };
		DF19C6AC24D2F700000ABBE8 /* Then.swift in Sources */ = {isa = PBXBuildFile; fileRef = DF19C65424D2F700000ABBE8 /* Then.swift */; };
		DF19C6AD24D2F700000ABBE8 /* DiskCache.swift in Sources */ = {isa = PBXBuildFile; fileRef = DF19C65524D2F700000ABBE8 /* DiskCache.swift */; };
		DF19C6AE24D2F700000ABBE8 /* GlobalParameter.swift in Sources */ = {isa = PBXBuildFile; fileRef = DF19C65624D2F700000ABBE8 /* GlobalParameter.swift */; };
		DF19C6AF24D2F700000ABBE8 /* SnapKitExtensions.swift in Sources */ = {isa = PBXBuildFile; fileRef = DF19C65724D2F700000ABBE8 /* SnapKitExtensions.swift */; };
		DF19C6B024D2F700000ABBE8 /* KingfisherExtensions.swift in Sources */ = {isa = PBXBuildFile; fileRef = DF19C65824D2F700000ABBE8 /* KingfisherExtensions.swift */; };
		DF19C6B124D2F700000ABBE8 /* ShowAnimate.swift in Sources */ = {isa = PBXBuildFile; fileRef = DF19C65924D2F700000ABBE8 /* ShowAnimate.swift */; };
		DF19C6B224D2F700000ABBE8 /* CGFloatExtensions.swift in Sources */ = {isa = PBXBuildFile; fileRef = DF19C65C24D2F700000ABBE8 /* CGFloatExtensions.swift */; };
		DF19C6B324D2F700000ABBE8 /* CGSizeExtensions.swift in Sources */ = {isa = PBXBuildFile; fileRef = DF19C65D24D2F700000ABBE8 /* CGSizeExtensions.swift */; };
		DF19C6B424D2F700000ABBE8 /* CALayerExtensions.swift in Sources */ = {isa = PBXBuildFile; fileRef = DF19C65F24D2F700000ABBE8 /* CALayerExtensions.swift */; };
		DF19C6B524D2F700000ABBE8 /* UITableViewExtensions.swift in Sources */ = {isa = PBXBuildFile; fileRef = DF19C66024D2F700000ABBE8 /* UITableViewExtensions.swift */; };
		DF19C6B624D2F700000ABBE8 /* UIScrollViewExtensions.swift in Sources */ = {isa = PBXBuildFile; fileRef = DF19C66124D2F700000ABBE8 /* UIScrollViewExtensions.swift */; };
		DF19C6B724D2F700000ABBE8 /* UISearchBarExtension.swift in Sources */ = {isa = PBXBuildFile; fileRef = DF19C66224D2F700000ABBE8 /* UISearchBarExtension.swift */; };
		DF19C6B924D2F700000ABBE8 /* UITextFieldExtensions.swift in Sources */ = {isa = PBXBuildFile; fileRef = DF19C66424D2F700000ABBE8 /* UITextFieldExtensions.swift */; };
		DF19C6BA24D2F700000ABBE8 /* BadgeView.swift in Sources */ = {isa = PBXBuildFile; fileRef = DF19C66524D2F700000ABBE8 /* BadgeView.swift */; };
		DF19C6BB24D2F700000ABBE8 /* UIStackViewExtensions.swift in Sources */ = {isa = PBXBuildFile; fileRef = DF19C66624D2F700000ABBE8 /* UIStackViewExtensions.swift */; };
		DF19C6BC24D2F700000ABBE8 /* UICollectionViewExtensions.swift in Sources */ = {isa = PBXBuildFile; fileRef = DF19C66724D2F700000ABBE8 /* UICollectionViewExtensions.swift */; };
		DF19C6BD24D2F700000ABBE8 /* UITextViewExtensions.swift in Sources */ = {isa = PBXBuildFile; fileRef = DF19C66824D2F700000ABBE8 /* UITextViewExtensions.swift */; };
		DF19C6BE24D2F700000ABBE8 /* UIStoryboardExtensions.swift in Sources */ = {isa = PBXBuildFile; fileRef = DF19C66924D2F700000ABBE8 /* UIStoryboardExtensions.swift */; };
		DF19C6BF24D2F700000ABBE8 /* UIMotionEffectExtensions.swift in Sources */ = {isa = PBXBuildFile; fileRef = DF19C66A24D2F700000ABBE8 /* UIMotionEffectExtensions.swift */; };
		DF19C6C024D2F700000ABBE8 /* UIViewControllerExtensions.swift in Sources */ = {isa = PBXBuildFile; fileRef = DF19C66B24D2F700000ABBE8 /* UIViewControllerExtensions.swift */; };
		DF19C6C124D2F700000ABBE8 /* UIImageExtensions.swift in Sources */ = {isa = PBXBuildFile; fileRef = DF19C66C24D2F700000ABBE8 /* UIImageExtensions.swift */; };
		DF19C6C224D2F700000ABBE8 /* UINavigationControllerExtensions.swift in Sources */ = {isa = PBXBuildFile; fileRef = DF19C66D24D2F700000ABBE8 /* UINavigationControllerExtensions.swift */; };
		DF19C6C324D2F700000ABBE8 /* UIViewExtensions.swift in Sources */ = {isa = PBXBuildFile; fileRef = DF19C66E24D2F700000ABBE8 /* UIViewExtensions.swift */; };
		DF19C6C424D2F700000ABBE8 /* UIControlExtensions.swift in Sources */ = {isa = PBXBuildFile; fileRef = DF19C66F24D2F700000ABBE8 /* UIControlExtensions.swift */; };
		DF19C6C524D2F700000ABBE8 /* UIWindowExtensions.swift in Sources */ = {isa = PBXBuildFile; fileRef = DF19C67024D2F700000ABBE8 /* UIWindowExtensions.swift */; };
		DF19C6C624D2F700000ABBE8 /* UILabelExtensions.swift in Sources */ = {isa = PBXBuildFile; fileRef = DF19C67124D2F700000ABBE8 /* UILabelExtensions.swift */; };
		DF19C6C724D2F700000ABBE8 /* UIButtonExtensions.swift in Sources */ = {isa = PBXBuildFile; fileRef = DF19C67224D2F700000ABBE8 /* UIButtonExtensions.swift */; };
		DF19C6C824D2F700000ABBE8 /* UIApplicationExtensions.swift in Sources */ = {isa = PBXBuildFile; fileRef = DF19C67324D2F700000ABBE8 /* UIApplicationExtensions.swift */; };
		DF19C6C924D2F700000ABBE8 /* UIDeviceExtensions.swift in Sources */ = {isa = PBXBuildFile; fileRef = DF19C67424D2F700000ABBE8 /* UIDeviceExtensions.swift */; };
		DF19C6CB24D2F700000ABBE8 /* UIResponderExtensions.swift in Sources */ = {isa = PBXBuildFile; fileRef = DF19C67624D2F700000ABBE8 /* UIResponderExtensions.swift */; };
		DF19C6CC24D2F700000ABBE8 /* UIFontExtensions.swift in Sources */ = {isa = PBXBuildFile; fileRef = DF19C67724D2F700000ABBE8 /* UIFontExtensions.swift */; };
		DF19C6CE24D2F700000ABBE8 /* UIColorExtensions.swift in Sources */ = {isa = PBXBuildFile; fileRef = DF19C67924D2F700000ABBE8 /* UIColorExtensions.swift */; };
		DF19C6CF24D2F700000ABBE8 /* UserDefaultsExtensions.swift in Sources */ = {isa = PBXBuildFile; fileRef = DF19C67B24D2F700000ABBE8 /* UserDefaultsExtensions.swift */; };
		DF19C6D124D2F700000ABBE8 /* FileManagerExtensions.swift in Sources */ = {isa = PBXBuildFile; fileRef = DF19C67D24D2F700000ABBE8 /* FileManagerExtensions.swift */; };
		DF19C6D224D2F700000ABBE8 /* URLExtensions.swift in Sources */ = {isa = PBXBuildFile; fileRef = DF19C67E24D2F700000ABBE8 /* URLExtensions.swift */; };
		DF19C6D424D2F700000ABBE8 /* NSAttributedStringExtensions.swift in Sources */ = {isa = PBXBuildFile; fileRef = DF19C68024D2F700000ABBE8 /* NSAttributedStringExtensions.swift */; };
		DF19C6D524D2F700000ABBE8 /* CalendarExtensions.swift in Sources */ = {isa = PBXBuildFile; fileRef = DF19C68124D2F700000ABBE8 /* CalendarExtensions.swift */; };
		DF19C6DE24D2F700000ABBE8 /* StringExtensions.swift in Sources */ = {isa = PBXBuildFile; fileRef = DF19C68B24D2F700000ABBE8 /* StringExtensions.swift */; };
		DF19C6E024D2F700000ABBE8 /* DoubleExtensions.swift in Sources */ = {isa = PBXBuildFile; fileRef = DF19C68D24D2F700000ABBE8 /* DoubleExtensions.swift */; };
		DF19C6E324D2F700000ABBE8 /* IntExtensions.swift in Sources */ = {isa = PBXBuildFile; fileRef = DF19C69024D2F700000ABBE8 /* IntExtensions.swift */; };
		DF19C6E424D2F700000ABBE8 /* OptionalExtensions.swift in Sources */ = {isa = PBXBuildFile; fileRef = DF19C69124D2F700000ABBE8 /* OptionalExtensions.swift */; };
		DF19C6E624D2F700000ABBE8 /* TargetType+Extension.swift in Sources */ = {isa = PBXBuildFile; fileRef = DF19C69424D2F700000ABBE8 /* TargetType+Extension.swift */; };
		DF19C6E724D2F700000ABBE8 /* MoyaResult+Extension.swift in Sources */ = {isa = PBXBuildFile; fileRef = DF19C69524D2F700000ABBE8 /* MoyaResult+Extension.swift */; };
		DF19C6E824D2F700000ABBE8 /* AuthorizationHeaderPlugin.swift in Sources */ = {isa = PBXBuildFile; fileRef = DF19C69724D2F700000ABBE8 /* AuthorizationHeaderPlugin.swift */; };
		DF19C6E924D2F700000ABBE8 /* NetworkHeaderPlugin.swift in Sources */ = {isa = PBXBuildFile; fileRef = DF19C69824D2F700000ABBE8 /* NetworkHeaderPlugin.swift */; };
		DF19C6EA24D2F700000ABBE8 /* NetworkLoggerPlugin.swift in Sources */ = {isa = PBXBuildFile; fileRef = DF19C69924D2F700000ABBE8 /* NetworkLoggerPlugin.swift */; };
		DF19C6EB24D2F700000ABBE8 /* ResponsePlugin.swift in Sources */ = {isa = PBXBuildFile; fileRef = DF19C69A24D2F700000ABBE8 /* ResponsePlugin.swift */; };
		DF19C6EC24D2F700000ABBE8 /* Networking.swift in Sources */ = {isa = PBXBuildFile; fileRef = DF19C69B24D2F700000ABBE8 /* Networking.swift */; };
		DF44838F24CAEEE40091FEA1 /* ScoreActivitiyItemCCell.xib in Resources */ = {isa = PBXBuildFile; fileRef = DF44838D24CAEEE40091FEA1 /* ScoreActivitiyItemCCell.xib */; };
		DF44839024CAEEE40091FEA1 /* ScoreActivitiyItemCCell.swift in Sources */ = {isa = PBXBuildFile; fileRef = DF44838E24CAEEE40091FEA1 /* ScoreActivitiyItemCCell.swift */; };
		DF57FFE024DD392B008C3FD1 /* MJRefresh+RX.swift in Sources */ = {isa = PBXBuildFile; fileRef = DF57FFDF24DD392B008C3FD1 /* MJRefresh+RX.swift */; };
		DF57FFE424DD4150008C3FD1 /* UIView+HUD.swift in Sources */ = {isa = PBXBuildFile; fileRef = DF57FFE324DD4150008C3FD1 /* UIView+HUD.swift */; };
		DF91024424DE4D0F004485DB /* ExtensionsComponent.swift in Sources */ = {isa = PBXBuildFile; fileRef = DF91024324DE4D0F004485DB /* ExtensionsComponent.swift */; };
		DF91024624DE4E02004485DB /* SwiftComponents.podspec in Resources */ = {isa = PBXBuildFile; fileRef = DF91024524DE4E02004485DB /* SwiftComponents.podspec */; };
		DF95D25524E0C866007B4D1C /* HUD+RX.swift in Sources */ = {isa = PBXBuildFile; fileRef = DF95D25424E0C866007B4D1C /* HUD+RX.swift */; };
		DFB1B39024CFB7970058E317 /* ProductDetailScoreCell.swift in Sources */ = {isa = PBXBuildFile; fileRef = DFB1B38F24CFB7970058E317 /* ProductDetailScoreCell.swift */; };
		DFBF159F24C7BF2F00EF02A6 /* AppDelegate.swift in Sources */ = {isa = PBXBuildFile; fileRef = DFBF159E24C7BF2F00EF02A6 /* AppDelegate.swift */; };
		DFBF15A324C7BF2F00EF02A6 /* ViewController.swift in Sources */ = {isa = PBXBuildFile; fileRef = DFBF15A224C7BF2F00EF02A6 /* ViewController.swift */; };
		DFBF15A624C7BF2F00EF02A6 /* Main.storyboard in Resources */ = {isa = PBXBuildFile; fileRef = DFBF15A424C7BF2F00EF02A6 /* Main.storyboard */; };
		DFBF15A824C7BF3000EF02A6 /* Assets.xcassets in Resources */ = {isa = PBXBuildFile; fileRef = DFBF15A724C7BF3000EF02A6 /* Assets.xcassets */; };
		DFBF15AB24C7BF3000EF02A6 /* LaunchScreen.storyboard in Resources */ = {isa = PBXBuildFile; fileRef = DFBF15A924C7BF3000EF02A6 /* LaunchScreen.storyboard */; };
		DFBF15B324C7BFEF00EF02A6 /* README.md in Resources */ = {isa = PBXBuildFile; fileRef = DFBF15B224C7BFEF00EF02A6 /* README.md */; };
		DFD73D6324DCEFD60073B5B7 /* RXComponent.swift in Sources */ = {isa = PBXBuildFile; fileRef = DFD73D6224DCEFD60073B5B7 /* RXComponent.swift */; };
		DFEFFE3124D3AC4500E20BE9 /* BackgroundTimer.swift in Sources */ = {isa = PBXBuildFile; fileRef = DFEFFE3024D3AC4500E20BE9 /* BackgroundTimer.swift */; };
/* End PBXBuildFile section */

/* Begin PBXFileReference section */
		7CFFACC0CC98302253712525 /* Pods-SwiftComponentsDemo.debug.xcconfig */ = {isa = PBXFileReference; includeInIndex = 1; lastKnownFileType = text.xcconfig; name = "Pods-SwiftComponentsDemo.debug.xcconfig"; path = "Target Support Files/Pods-SwiftComponentsDemo/Pods-SwiftComponentsDemo.debug.xcconfig"; sourceTree = "<group>"; };
		D1EB4A7BBC4444795EB5EE5F /* Pods_SwiftComponentsDemo.framework */ = {isa = PBXFileReference; explicitFileType = wrapper.framework; includeInIndex = 0; path = Pods_SwiftComponentsDemo.framework; sourceTree = BUILT_PRODUCTS_DIR; };
		DF19C64224D2F700000ABBE8 /* mc.swift */ = {isa = PBXFileReference; fileEncoding = 4; lastKnownFileType = sourcecode.swift; path = mc.swift; sourceTree = "<group>"; };
		DF19C64324D2F700000ABBE8 /* AppPermissionService.swift */ = {isa = PBXFileReference; fileEncoding = 4; lastKnownFileType = sourcecode.swift; path = AppPermissionService.swift; sourceTree = "<group>"; };
		DF19C64524D2F700000ABBE8 /* LZPresentTransitioningAnimate.swift */ = {isa = PBXFileReference; fileEncoding = 4; lastKnownFileType = sourcecode.swift; path = LZPresentTransitioningAnimate.swift; sourceTree = "<group>"; };
		DF19C64624D2F700000ABBE8 /* LZPresentationControlller.swift */ = {isa = PBXFileReference; fileEncoding = 4; lastKnownFileType = sourcecode.swift; path = LZPresentationControlller.swift; sourceTree = "<group>"; };
		DF19C64724D2F700000ABBE8 /* LZPopupTransitioningAnimate.swift */ = {isa = PBXFileReference; fileEncoding = 4; lastKnownFileType = sourcecode.swift; path = LZPopupTransitioningAnimate.swift; sourceTree = "<group>"; };
		DF19C64824D2F700000ABBE8 /* LZTransitioningAnimate.swift */ = {isa = PBXFileReference; fileEncoding = 4; lastKnownFileType = sourcecode.swift; path = LZTransitioningAnimate.swift; sourceTree = "<group>"; };
		DF19C64924D2F700000ABBE8 /* Log.swift */ = {isa = PBXFileReference; fileEncoding = 4; lastKnownFileType = sourcecode.swift; path = Log.swift; sourceTree = "<group>"; };
		DF19C64A24D2F700000ABBE8 /* URLHandler.swift */ = {isa = PBXFileReference; fileEncoding = 4; lastKnownFileType = sourcecode.swift; path = URLHandler.swift; sourceTree = "<group>"; };
		DF19C64B24D2F700000ABBE8 /* Notification.Name+Extension.swift */ = {isa = PBXFileReference; fileEncoding = 4; lastKnownFileType = sourcecode.swift; path = "Notification.Name+Extension.swift"; sourceTree = "<group>"; };
		DF19C64C24D2F700000ABBE8 /* KeyChainUUID.swift */ = {isa = PBXFileReference; fileEncoding = 4; lastKnownFileType = sourcecode.swift; path = KeyChainUUID.swift; sourceTree = "<group>"; };
		DF19C64E24D2F700000ABBE8 /* LZNavView.swift */ = {isa = PBXFileReference; fileEncoding = 4; lastKnownFileType = sourcecode.swift; path = LZNavView.swift; sourceTree = "<group>"; };
		DF19C64F24D2F700000ABBE8 /* LZToolBar.swift */ = {isa = PBXFileReference; fileEncoding = 4; lastKnownFileType = sourcecode.swift; path = LZToolBar.swift; sourceTree = "<group>"; };
		DF19C65024D2F700000ABBE8 /* TitleSubtitleLabel.swift */ = {isa = PBXFileReference; fileEncoding = 4; lastKnownFileType = sourcecode.swift; path = TitleSubtitleLabel.swift; sourceTree = "<group>"; };
		DF19C65124D2F700000ABBE8 /* QuickUI.swift */ = {isa = PBXFileReference; fileEncoding = 4; lastKnownFileType = sourcecode.swift; path = QuickUI.swift; sourceTree = "<group>"; };
		DF19C65224D2F700000ABBE8 /* InfoCell.swift */ = {isa = PBXFileReference; fileEncoding = 4; lastKnownFileType = sourcecode.swift; path = InfoCell.swift; sourceTree = "<group>"; };
		DF19C65324D2F700000ABBE8 /* LZButton.swift */ = {isa = PBXFileReference; fileEncoding = 4; lastKnownFileType = sourcecode.swift; path = LZButton.swift; sourceTree = "<group>"; };
		DF19C65424D2F700000ABBE8 /* Then.swift */ = {isa = PBXFileReference; fileEncoding = 4; lastKnownFileType = sourcecode.swift; path = Then.swift; sourceTree = "<group>"; };
		DF19C65524D2F700000ABBE8 /* DiskCache.swift */ = {isa = PBXFileReference; fileEncoding = 4; lastKnownFileType = sourcecode.swift; path = DiskCache.swift; sourceTree = "<group>"; };
		DF19C65624D2F700000ABBE8 /* GlobalParameter.swift */ = {isa = PBXFileReference; fileEncoding = 4; lastKnownFileType = sourcecode.swift; path = GlobalParameter.swift; sourceTree = "<group>"; };
		DF19C65724D2F700000ABBE8 /* SnapKitExtensions.swift */ = {isa = PBXFileReference; fileEncoding = 4; lastKnownFileType = sourcecode.swift; path = SnapKitExtensions.swift; sourceTree = "<group>"; };
		DF19C65824D2F700000ABBE8 /* KingfisherExtensions.swift */ = {isa = PBXFileReference; fileEncoding = 4; lastKnownFileType = sourcecode.swift; path = KingfisherExtensions.swift; sourceTree = "<group>"; };
		DF19C65924D2F700000ABBE8 /* ShowAnimate.swift */ = {isa = PBXFileReference; fileEncoding = 4; lastKnownFileType = sourcecode.swift; path = ShowAnimate.swift; sourceTree = "<group>"; };
		DF19C65C24D2F700000ABBE8 /* CGFloatExtensions.swift */ = {isa = PBXFileReference; fileEncoding = 4; lastKnownFileType = sourcecode.swift; path = CGFloatExtensions.swift; sourceTree = "<group>"; };
		DF19C65D24D2F700000ABBE8 /* CGSizeExtensions.swift */ = {isa = PBXFileReference; fileEncoding = 4; lastKnownFileType = sourcecode.swift; path = CGSizeExtensions.swift; sourceTree = "<group>"; };
		DF19C65F24D2F700000ABBE8 /* CALayerExtensions.swift */ = {isa = PBXFileReference; fileEncoding = 4; lastKnownFileType = sourcecode.swift; path = CALayerExtensions.swift; sourceTree = "<group>"; };
		DF19C66024D2F700000ABBE8 /* UITableViewExtensions.swift */ = {isa = PBXFileReference; fileEncoding = 4; lastKnownFileType = sourcecode.swift; path = UITableViewExtensions.swift; sourceTree = "<group>"; };
		DF19C66124D2F700000ABBE8 /* UIScrollViewExtensions.swift */ = {isa = PBXFileReference; fileEncoding = 4; lastKnownFileType = sourcecode.swift; path = UIScrollViewExtensions.swift; sourceTree = "<group>"; };
		DF19C66224D2F700000ABBE8 /* UISearchBarExtension.swift */ = {isa = PBXFileReference; fileEncoding = 4; lastKnownFileType = sourcecode.swift; path = UISearchBarExtension.swift; sourceTree = "<group>"; };
		DF19C66424D2F700000ABBE8 /* UITextFieldExtensions.swift */ = {isa = PBXFileReference; fileEncoding = 4; lastKnownFileType = sourcecode.swift; path = UITextFieldExtensions.swift; sourceTree = "<group>"; };
		DF19C66524D2F700000ABBE8 /* BadgeView.swift */ = {isa = PBXFileReference; fileEncoding = 4; lastKnownFileType = sourcecode.swift; path = BadgeView.swift; sourceTree = "<group>"; };
		DF19C66624D2F700000ABBE8 /* UIStackViewExtensions.swift */ = {isa = PBXFileReference; fileEncoding = 4; lastKnownFileType = sourcecode.swift; path = UIStackViewExtensions.swift; sourceTree = "<group>"; };
		DF19C66724D2F700000ABBE8 /* UICollectionViewExtensions.swift */ = {isa = PBXFileReference; fileEncoding = 4; lastKnownFileType = sourcecode.swift; path = UICollectionViewExtensions.swift; sourceTree = "<group>"; };
		DF19C66824D2F700000ABBE8 /* UITextViewExtensions.swift */ = {isa = PBXFileReference; fileEncoding = 4; lastKnownFileType = sourcecode.swift; path = UITextViewExtensions.swift; sourceTree = "<group>"; };
		DF19C66924D2F700000ABBE8 /* UIStoryboardExtensions.swift */ = {isa = PBXFileReference; fileEncoding = 4; lastKnownFileType = sourcecode.swift; path = UIStoryboardExtensions.swift; sourceTree = "<group>"; };
		DF19C66A24D2F700000ABBE8 /* UIMotionEffectExtensions.swift */ = {isa = PBXFileReference; fileEncoding = 4; lastKnownFileType = sourcecode.swift; path = UIMotionEffectExtensions.swift; sourceTree = "<group>"; };
		DF19C66B24D2F700000ABBE8 /* UIViewControllerExtensions.swift */ = {isa = PBXFileReference; fileEncoding = 4; lastKnownFileType = sourcecode.swift; path = UIViewControllerExtensions.swift; sourceTree = "<group>"; };
		DF19C66C24D2F700000ABBE8 /* UIImageExtensions.swift */ = {isa = PBXFileReference; fileEncoding = 4; lastKnownFileType = sourcecode.swift; path = UIImageExtensions.swift; sourceTree = "<group>"; };
		DF19C66D24D2F700000ABBE8 /* UINavigationControllerExtensions.swift */ = {isa = PBXFileReference; fileEncoding = 4; lastKnownFileType = sourcecode.swift; path = UINavigationControllerExtensions.swift; sourceTree = "<group>"; };
		DF19C66E24D2F700000ABBE8 /* UIViewExtensions.swift */ = {isa = PBXFileReference; fileEncoding = 4; lastKnownFileType = sourcecode.swift; path = UIViewExtensions.swift; sourceTree = "<group>"; };
		DF19C66F24D2F700000ABBE8 /* UIControlExtensions.swift */ = {isa = PBXFileReference; fileEncoding = 4; lastKnownFileType = sourcecode.swift; path = UIControlExtensions.swift; sourceTree = "<group>"; };
		DF19C67024D2F700000ABBE8 /* UIWindowExtensions.swift */ = {isa = PBXFileReference; fileEncoding = 4; lastKnownFileType = sourcecode.swift; path = UIWindowExtensions.swift; sourceTree = "<group>"; };
		DF19C67124D2F700000ABBE8 /* UILabelExtensions.swift */ = {isa = PBXFileReference; fileEncoding = 4; lastKnownFileType = sourcecode.swift; path = UILabelExtensions.swift; sourceTree = "<group>"; };
		DF19C67224D2F700000ABBE8 /* UIButtonExtensions.swift */ = {isa = PBXFileReference; fileEncoding = 4; lastKnownFileType = sourcecode.swift; path = UIButtonExtensions.swift; sourceTree = "<group>"; };
		DF19C67324D2F700000ABBE8 /* UIApplicationExtensions.swift */ = {isa = PBXFileReference; fileEncoding = 4; lastKnownFileType = sourcecode.swift; path = UIApplicationExtensions.swift; sourceTree = "<group>"; };
		DF19C67424D2F700000ABBE8 /* UIDeviceExtensions.swift */ = {isa = PBXFileReference; fileEncoding = 4; lastKnownFileType = sourcecode.swift; path = UIDeviceExtensions.swift; sourceTree = "<group>"; };
		DF19C67624D2F700000ABBE8 /* UIResponderExtensions.swift */ = {isa = PBXFileReference; fileEncoding = 4; lastKnownFileType = sourcecode.swift; path = UIResponderExtensions.swift; sourceTree = "<group>"; };
		DF19C67724D2F700000ABBE8 /* UIFontExtensions.swift */ = {isa = PBXFileReference; fileEncoding = 4; lastKnownFileType = sourcecode.swift; path = UIFontExtensions.swift; sourceTree = "<group>"; };
		DF19C67924D2F700000ABBE8 /* UIColorExtensions.swift */ = {isa = PBXFileReference; fileEncoding = 4; lastKnownFileType = sourcecode.swift; path = UIColorExtensions.swift; sourceTree = "<group>"; };
		DF19C67B24D2F700000ABBE8 /* UserDefaultsExtensions.swift */ = {isa = PBXFileReference; fileEncoding = 4; lastKnownFileType = sourcecode.swift; path = UserDefaultsExtensions.swift; sourceTree = "<group>"; };
		DF19C67D24D2F700000ABBE8 /* FileManagerExtensions.swift */ = {isa = PBXFileReference; fileEncoding = 4; lastKnownFileType = sourcecode.swift; path = FileManagerExtensions.swift; sourceTree = "<group>"; };
		DF19C67E24D2F700000ABBE8 /* URLExtensions.swift */ = {isa = PBXFileReference; fileEncoding = 4; lastKnownFileType = sourcecode.swift; path = URLExtensions.swift; sourceTree = "<group>"; };
		DF19C68024D2F700000ABBE8 /* NSAttributedStringExtensions.swift */ = {isa = PBXFileReference; fileEncoding = 4; lastKnownFileType = sourcecode.swift; path = NSAttributedStringExtensions.swift; sourceTree = "<group>"; };
		DF19C68124D2F700000ABBE8 /* CalendarExtensions.swift */ = {isa = PBXFileReference; fileEncoding = 4; lastKnownFileType = sourcecode.swift; path = CalendarExtensions.swift; sourceTree = "<group>"; };
		DF19C68B24D2F700000ABBE8 /* StringExtensions.swift */ = {isa = PBXFileReference; fileEncoding = 4; lastKnownFileType = sourcecode.swift; path = StringExtensions.swift; sourceTree = "<group>"; };
		DF19C68D24D2F700000ABBE8 /* DoubleExtensions.swift */ = {isa = PBXFileReference; fileEncoding = 4; lastKnownFileType = sourcecode.swift; path = DoubleExtensions.swift; sourceTree = "<group>"; };
		DF19C69024D2F700000ABBE8 /* IntExtensions.swift */ = {isa = PBXFileReference; fileEncoding = 4; lastKnownFileType = sourcecode.swift; path = IntExtensions.swift; sourceTree = "<group>"; };
		DF19C69124D2F700000ABBE8 /* OptionalExtensions.swift */ = {isa = PBXFileReference; fileEncoding = 4; lastKnownFileType = sourcecode.swift; path = OptionalExtensions.swift; sourceTree = "<group>"; };
		DF19C69424D2F700000ABBE8 /* TargetType+Extension.swift */ = {isa = PBXFileReference; fileEncoding = 4; lastKnownFileType = sourcecode.swift; path = "TargetType+Extension.swift"; sourceTree = "<group>"; };
		DF19C69524D2F700000ABBE8 /* MoyaResult+Extension.swift */ = {isa = PBXFileReference; fileEncoding = 4; lastKnownFileType = sourcecode.swift; path = "MoyaResult+Extension.swift"; sourceTree = "<group>"; };
		DF19C69724D2F700000ABBE8 /* AuthorizationHeaderPlugin.swift */ = {isa = PBXFileReference; fileEncoding = 4; lastKnownFileType = sourcecode.swift; path = AuthorizationHeaderPlugin.swift; sourceTree = "<group>"; };
		DF19C69824D2F700000ABBE8 /* NetworkHeaderPlugin.swift */ = {isa = PBXFileReference; fileEncoding = 4; lastKnownFileType = sourcecode.swift; path = NetworkHeaderPlugin.swift; sourceTree = "<group>"; };
		DF19C69924D2F700000ABBE8 /* NetworkLoggerPlugin.swift */ = {isa = PBXFileReference; fileEncoding = 4; lastKnownFileType = sourcecode.swift; path = NetworkLoggerPlugin.swift; sourceTree = "<group>"; };
		DF19C69A24D2F700000ABBE8 /* ResponsePlugin.swift */ = {isa = PBXFileReference; fileEncoding = 4; lastKnownFileType = sourcecode.swift; path = ResponsePlugin.swift; sourceTree = "<group>"; };
		DF19C69B24D2F700000ABBE8 /* Networking.swift */ = {isa = PBXFileReference; fileEncoding = 4; lastKnownFileType = sourcecode.swift; path = Networking.swift; sourceTree = "<group>"; };
		DF44838D24CAEEE40091FEA1 /* ScoreActivitiyItemCCell.xib */ = {isa = PBXFileReference; fileEncoding = 4; lastKnownFileType = file.xib; path = ScoreActivitiyItemCCell.xib; sourceTree = "<group>"; };
		DF44838E24CAEEE40091FEA1 /* ScoreActivitiyItemCCell.swift */ = {isa = PBXFileReference; fileEncoding = 4; lastKnownFileType = sourcecode.swift; path = ScoreActivitiyItemCCell.swift; sourceTree = "<group>"; };
		DF57FFDF24DD392B008C3FD1 /* MJRefresh+RX.swift */ = {isa = PBXFileReference; lastKnownFileType = sourcecode.swift; path = "MJRefresh+RX.swift"; sourceTree = "<group>"; };
		DF57FFE324DD4150008C3FD1 /* UIView+HUD.swift */ = {isa = PBXFileReference; lastKnownFileType = sourcecode.swift; path = "UIView+HUD.swift"; sourceTree = "<group>"; };
		DF91024324DE4D0F004485DB /* ExtensionsComponent.swift */ = {isa = PBXFileReference; lastKnownFileType = sourcecode.swift; path = ExtensionsComponent.swift; sourceTree = "<group>"; };
		DF91024524DE4E02004485DB /* SwiftComponents.podspec */ = {isa = PBXFileReference; fileEncoding = 4; lastKnownFileType = text; path = SwiftComponents.podspec; sourceTree = "<group>"; xcLanguageSpecificationIdentifier = xcode.lang.ruby; };
		DF95D25424E0C866007B4D1C /* HUD+RX.swift */ = {isa = PBXFileReference; lastKnownFileType = sourcecode.swift; path = "HUD+RX.swift"; sourceTree = "<group>"; };
		DFB1B38F24CFB7970058E317 /* ProductDetailScoreCell.swift */ = {isa = PBXFileReference; lastKnownFileType = sourcecode.swift; path = ProductDetailScoreCell.swift; sourceTree = "<group>"; };
		DFBF159B24C7BF2F00EF02A6 /* SwiftComponentsDemo.app */ = {isa = PBXFileReference; explicitFileType = wrapper.application; includeInIndex = 0; path = SwiftComponentsDemo.app; sourceTree = BUILT_PRODUCTS_DIR; };
		DFBF159E24C7BF2F00EF02A6 /* AppDelegate.swift */ = {isa = PBXFileReference; lastKnownFileType = sourcecode.swift; path = AppDelegate.swift; sourceTree = "<group>"; };
		DFBF15A224C7BF2F00EF02A6 /* ViewController.swift */ = {isa = PBXFileReference; lastKnownFileType = sourcecode.swift; path = ViewController.swift; sourceTree = "<group>"; };
		DFBF15A524C7BF2F00EF02A6 /* Base */ = {isa = PBXFileReference; lastKnownFileType = file.storyboard; name = Base; path = Base.lproj/Main.storyboard; sourceTree = "<group>"; };
		DFBF15A724C7BF3000EF02A6 /* Assets.xcassets */ = {isa = PBXFileReference; lastKnownFileType = folder.assetcatalog; path = Assets.xcassets; sourceTree = "<group>"; };
		DFBF15AA24C7BF3000EF02A6 /* Base */ = {isa = PBXFileReference; lastKnownFileType = file.storyboard; name = Base; path = Base.lproj/LaunchScreen.storyboard; sourceTree = "<group>"; };
		DFBF15AC24C7BF3000EF02A6 /* Info.plist */ = {isa = PBXFileReference; lastKnownFileType = text.plist.xml; path = Info.plist; sourceTree = "<group>"; };
		DFBF15B224C7BFEF00EF02A6 /* README.md */ = {isa = PBXFileReference; fileEncoding = 4; lastKnownFileType = net.daringfireball.markdown; path = README.md; sourceTree = "<group>"; };
		DFD73D6224DCEFD60073B5B7 /* RXComponent.swift */ = {isa = PBXFileReference; lastKnownFileType = sourcecode.swift; path = RXComponent.swift; sourceTree = "<group>"; };
		DFEFFE3024D3AC4500E20BE9 /* BackgroundTimer.swift */ = {isa = PBXFileReference; lastKnownFileType = sourcecode.swift; path = BackgroundTimer.swift; sourceTree = "<group>"; };
		FC9771D17CCE8F8C97DC255C /* Pods-SwiftComponentsDemo.release.xcconfig */ = {isa = PBXFileReference; includeInIndex = 1; lastKnownFileType = text.xcconfig; name = "Pods-SwiftComponentsDemo.release.xcconfig"; path = "Target Support Files/Pods-SwiftComponentsDemo/Pods-SwiftComponentsDemo.release.xcconfig"; sourceTree = "<group>"; };
/* End PBXFileReference section */

/* Begin PBXFrameworksBuildPhase section */
		DFBF159824C7BF2F00EF02A6 /* Frameworks */ = {
			isa = PBXFrameworksBuildPhase;
			buildActionMask = 2147483647;
			files = (
				767BAE4E758BE4B75DBB95D5 /* Pods_SwiftComponentsDemo.framework in Frameworks */,
			);
			runOnlyForDeploymentPostprocessing = 0;
		};
/* End PBXFrameworksBuildPhase section */

/* Begin PBXGroup section */
		2D8C09760BCEEA27AFFFB616 /* Pods */ = {
			isa = PBXGroup;
			children = (
				7CFFACC0CC98302253712525 /* Pods-SwiftComponentsDemo.debug.xcconfig */,
				FC9771D17CCE8F8C97DC255C /* Pods-SwiftComponentsDemo.release.xcconfig */,
			);
			path = Pods;
			sourceTree = "<group>";
		};
		3CCB660E1F0407397A623204 /* Frameworks */ = {
			isa = PBXGroup;
			children = (
				D1EB4A7BBC4444795EB5EE5F /* Pods_SwiftComponentsDemo.framework */,
			);
			name = Frameworks;
			sourceTree = "<group>";
		};
		DF19C64024D2F700000ABBE8 /* SwiftComponents */ = {
			isa = PBXGroup;
			children = (
				DFD73D6124DCEFB30073B5B7 /* RxComponents */,
				DF19C64124D2F700000ABBE8 /* tools */,
				DF19C65A24D2F700000ABBE8 /* Extensions */,
				DF19C69324D2F700000ABBE8 /* service */,
			);
			path = SwiftComponents;
			sourceTree = "<group>";
		};
		DF19C64124D2F700000ABBE8 /* tools */ = {
			isa = PBXGroup;
			children = (
				DF19C64224D2F700000ABBE8 /* mc.swift */,
				DF19C64324D2F700000ABBE8 /* AppPermissionService.swift */,
				DF19C64424D2F700000ABBE8 /* TransitioningAnimate */,
				DF19C64924D2F700000ABBE8 /* Log.swift */,
				DF19C64A24D2F700000ABBE8 /* URLHandler.swift */,
				DF19C64B24D2F700000ABBE8 /* Notification.Name+Extension.swift */,
				DF19C64C24D2F700000ABBE8 /* KeyChainUUID.swift */,
				DF19C64D24D2F700000ABBE8 /* QuickUI */,
				DF19C65424D2F700000ABBE8 /* Then.swift */,
				DF19C65524D2F700000ABBE8 /* DiskCache.swift */,
				DF19C65624D2F700000ABBE8 /* GlobalParameter.swift */,
				DF19C65724D2F700000ABBE8 /* SnapKitExtensions.swift */,
				DF19C65824D2F700000ABBE8 /* KingfisherExtensions.swift */,
				DF19C65924D2F700000ABBE8 /* ShowAnimate.swift */,
				DFEFFE3024D3AC4500E20BE9 /* BackgroundTimer.swift */,
				DF57FFE324DD4150008C3FD1 /* UIView+HUD.swift */,
			);
			path = tools;
			sourceTree = "<group>";
		};
		DF19C64424D2F700000ABBE8 /* TransitioningAnimate */ = {
			isa = PBXGroup;
			children = (
				DF19C64524D2F700000ABBE8 /* LZPresentTransitioningAnimate.swift */,
				DF19C64624D2F700000ABBE8 /* LZPresentationControlller.swift */,
				DF19C64724D2F700000ABBE8 /* LZPopupTransitioningAnimate.swift */,
				DF19C64824D2F700000ABBE8 /* LZTransitioningAnimate.swift */,
			);
			path = TransitioningAnimate;
			sourceTree = "<group>";
		};
		DF19C64D24D2F700000ABBE8 /* QuickUI */ = {
			isa = PBXGroup;
			children = (
				DF19C64E24D2F700000ABBE8 /* LZNavView.swift */,
				DF19C64F24D2F700000ABBE8 /* LZToolBar.swift */,
				DF19C65024D2F700000ABBE8 /* TitleSubtitleLabel.swift */,
				DF19C65124D2F700000ABBE8 /* QuickUI.swift */,
				DF19C65224D2F700000ABBE8 /* InfoCell.swift */,
				DF19C65324D2F700000ABBE8 /* LZButton.swift */,
			);
			path = QuickUI;
			sourceTree = "<group>";
		};
		DF19C65A24D2F700000ABBE8 /* Extensions */ = {
			isa = PBXGroup;
			children = (
				DF91024324DE4D0F004485DB /* ExtensionsComponent.swift */,
				DF19C65B24D2F700000ABBE8 /* CoreGraphics */,
				DF19C65E24D2F700000ABBE8 /* UIKit */,
				DF19C67A24D2F700000ABBE8 /* Foundation */,
				DF19C68224D2F700000ABBE8 /* SwiftStdlib */,
			);
			path = Extensions;
			sourceTree = "<group>";
		};
		DF19C65B24D2F700000ABBE8 /* CoreGraphics */ = {
			isa = PBXGroup;
			children = (
				DF19C65C24D2F700000ABBE8 /* CGFloatExtensions.swift */,
				DF19C65D24D2F700000ABBE8 /* CGSizeExtensions.swift */,
			);
			path = CoreGraphics;
			sourceTree = "<group>";
		};
		DF19C65E24D2F700000ABBE8 /* UIKit */ = {
			isa = PBXGroup;
			children = (
				DF19C65F24D2F700000ABBE8 /* CALayerExtensions.swift */,
				DF19C66024D2F700000ABBE8 /* UITableViewExtensions.swift */,
				DF19C66124D2F700000ABBE8 /* UIScrollViewExtensions.swift */,
				DF19C66224D2F700000ABBE8 /* UISearchBarExtension.swift */,
				DF19C66424D2F700000ABBE8 /* UITextFieldExtensions.swift */,
				DF19C66524D2F700000ABBE8 /* BadgeView.swift */,
				DF19C66624D2F700000ABBE8 /* UIStackViewExtensions.swift */,
				DF19C66724D2F700000ABBE8 /* UICollectionViewExtensions.swift */,
				DF19C66824D2F700000ABBE8 /* UITextViewExtensions.swift */,
				DF19C66924D2F700000ABBE8 /* UIStoryboardExtensions.swift */,
				DF19C66A24D2F700000ABBE8 /* UIMotionEffectExtensions.swift */,
				DF19C66B24D2F700000ABBE8 /* UIViewControllerExtensions.swift */,
				DF19C66C24D2F700000ABBE8 /* UIImageExtensions.swift */,
				DF19C66D24D2F700000ABBE8 /* UINavigationControllerExtensions.swift */,
				DF19C66E24D2F700000ABBE8 /* UIViewExtensions.swift */,
				DF19C66F24D2F700000ABBE8 /* UIControlExtensions.swift */,
				DF19C67024D2F700000ABBE8 /* UIWindowExtensions.swift */,
				DF19C67124D2F700000ABBE8 /* UILabelExtensions.swift */,
				DF19C67224D2F700000ABBE8 /* UIButtonExtensions.swift */,
				DF19C67324D2F700000ABBE8 /* UIApplicationExtensions.swift */,
				DF19C67424D2F700000ABBE8 /* UIDeviceExtensions.swift */,
				DF19C67624D2F700000ABBE8 /* UIResponderExtensions.swift */,
				DF19C67724D2F700000ABBE8 /* UIFontExtensions.swift */,
				DF19C67924D2F700000ABBE8 /* UIColorExtensions.swift */,
			);
			path = UIKit;
			sourceTree = "<group>";
		};
		DF19C67A24D2F700000ABBE8 /* Foundation */ = {
			isa = PBXGroup;
			children = (
				DF19C67B24D2F700000ABBE8 /* UserDefaultsExtensions.swift */,
				DF19C67D24D2F700000ABBE8 /* FileManagerExtensions.swift */,
				DF19C67E24D2F700000ABBE8 /* URLExtensions.swift */,
				DF19C68024D2F700000ABBE8 /* NSAttributedStringExtensions.swift */,
				DF19C68124D2F700000ABBE8 /* CalendarExtensions.swift */,
			);
			path = Foundation;
			sourceTree = "<group>";
		};
		DF19C68224D2F700000ABBE8 /* SwiftStdlib */ = {
			isa = PBXGroup;
			children = (
				DF19C68B24D2F700000ABBE8 /* StringExtensions.swift */,
				DF19C68D24D2F700000ABBE8 /* DoubleExtensions.swift */,
				DF19C69024D2F700000ABBE8 /* IntExtensions.swift */,
				DF19C69124D2F700000ABBE8 /* OptionalExtensions.swift */,
			);
			path = SwiftStdlib;
			sourceTree = "<group>";
		};
		DF19C69324D2F700000ABBE8 /* service */ = {
			isa = PBXGroup;
			children = (
				DF19C69424D2F700000ABBE8 /* TargetType+Extension.swift */,
				DF19C69524D2F700000ABBE8 /* MoyaResult+Extension.swift */,
				DF19C69624D2F700000ABBE8 /* Plugins */,
				DF19C69B24D2F700000ABBE8 /* Networking.swift */,
			);
			path = service;
			sourceTree = "<group>";
		};
		DF19C69624D2F700000ABBE8 /* Plugins */ = {
			isa = PBXGroup;
			children = (
				DF19C69724D2F700000ABBE8 /* AuthorizationHeaderPlugin.swift */,
				DF19C69824D2F700000ABBE8 /* NetworkHeaderPlugin.swift */,
				DF19C69924D2F700000ABBE8 /* NetworkLoggerPlugin.swift */,
				DF19C69A24D2F700000ABBE8 /* ResponsePlugin.swift */,
			);
			path = Plugins;
			sourceTree = "<group>";
		};
		DF44838C24CAEEE40091FEA1 /* scoreActivitiy */ = {
			isa = PBXGroup;
			children = (
				DF44838D24CAEEE40091FEA1 /* ScoreActivitiyItemCCell.xib */,
				DF44838E24CAEEE40091FEA1 /* ScoreActivitiyItemCCell.swift */,
				DFB1B38F24CFB7970058E317 /* ProductDetailScoreCell.swift */,
			);
			path = scoreActivitiy;
			sourceTree = "<group>";
		};
		DFBF159224C7BF2F00EF02A6 = {
			isa = PBXGroup;
			children = (
				DF91024524DE4E02004485DB /* SwiftComponents.podspec */,
				DFBF15B224C7BFEF00EF02A6 /* README.md */,
				DF19C64024D2F700000ABBE8 /* SwiftComponents */,
				DFBF159D24C7BF2F00EF02A6 /* SwiftComponentsDemo */,
				DFBF159C24C7BF2F00EF02A6 /* Products */,
				2D8C09760BCEEA27AFFFB616 /* Pods */,
				3CCB660E1F0407397A623204 /* Frameworks */,
			);
			sourceTree = "<group>";
		};
		DFBF159C24C7BF2F00EF02A6 /* Products */ = {
			isa = PBXGroup;
			children = (
				DFBF159B24C7BF2F00EF02A6 /* SwiftComponentsDemo.app */,
			);
			name = Products;
			sourceTree = "<group>";
		};
		DFBF159D24C7BF2F00EF02A6 /* SwiftComponentsDemo */ = {
			isa = PBXGroup;
			children = (
				DF44838C24CAEEE40091FEA1 /* scoreActivitiy */,
				DFBF159E24C7BF2F00EF02A6 /* AppDelegate.swift */,
				DFBF15A224C7BF2F00EF02A6 /* ViewController.swift */,
				DFBF15A424C7BF2F00EF02A6 /* Main.storyboard */,
				DFBF15A724C7BF3000EF02A6 /* Assets.xcassets */,
				DFBF15A924C7BF3000EF02A6 /* LaunchScreen.storyboard */,
				DFBF15AC24C7BF3000EF02A6 /* Info.plist */,
			);
			path = SwiftComponentsDemo;
			sourceTree = "<group>";
		};
		DFD73D6124DCEFB30073B5B7 /* RxComponents */ = {
			isa = PBXGroup;
			children = (
				DFD73D6224DCEFD60073B5B7 /* RXComponent.swift */,
				DF57FFDF24DD392B008C3FD1 /* MJRefresh+RX.swift */,
				DF95D25424E0C866007B4D1C /* HUD+RX.swift */,
			);
			path = RxComponents;
			sourceTree = "<group>";
		};
/* End PBXGroup section */

/* Begin PBXNativeTarget section */
		DFBF159A24C7BF2F00EF02A6 /* SwiftComponentsDemo */ = {
			isa = PBXNativeTarget;
			buildConfigurationList = DFBF15AF24C7BF3000EF02A6 /* Build configuration list for PBXNativeTarget "SwiftComponentsDemo" */;
			buildPhases = (
				E9DA64AF63733E28850BC15C /* [CP] Check Pods Manifest.lock */,
				DFBF159724C7BF2F00EF02A6 /* Sources */,
				DFBF159824C7BF2F00EF02A6 /* Frameworks */,
				DFBF159924C7BF2F00EF02A6 /* Resources */,
				6D39D74A19DB9F47510137A7 /* [CP] Embed Pods Frameworks */,
			);
			buildRules = (
			);
			dependencies = (
			);
			name = SwiftComponentsDemo;
			productName = SwiftComponentsDemo;
			productReference = DFBF159B24C7BF2F00EF02A6 /* SwiftComponentsDemo.app */;
			productType = "com.apple.product-type.application";
		};
/* End PBXNativeTarget section */

/* Begin PBXProject section */
		DFBF159324C7BF2F00EF02A6 /* Project object */ = {
			isa = PBXProject;
			attributes = {
				LastSwiftUpdateCheck = 1150;
				LastUpgradeCheck = 1150;
				ORGANIZATIONNAME = liangze;
				TargetAttributes = {
					DFBF159A24C7BF2F00EF02A6 = {
						CreatedOnToolsVersion = 11.5;
					};
				};
			};
			buildConfigurationList = DFBF159624C7BF2F00EF02A6 /* Build configuration list for PBXProject "SwiftComponentsDemo" */;
			compatibilityVersion = "Xcode 9.3";
			developmentRegion = en;
			hasScannedForEncodings = 0;
			knownRegions = (
				en,
				Base,
			);
			mainGroup = DFBF159224C7BF2F00EF02A6;
			productRefGroup = DFBF159C24C7BF2F00EF02A6 /* Products */;
			projectDirPath = "";
			projectRoot = "";
			targets = (
				DFBF159A24C7BF2F00EF02A6 /* SwiftComponentsDemo */,
			);
		};
/* End PBXProject section */

/* Begin PBXResourcesBuildPhase section */
		DFBF159924C7BF2F00EF02A6 /* Resources */ = {
			isa = PBXResourcesBuildPhase;
			buildActionMask = 2147483647;
			files = (
				DF91024624DE4E02004485DB /* SwiftComponents.podspec in Resources */,
				DFBF15AB24C7BF3000EF02A6 /* LaunchScreen.storyboard in Resources */,
				DFBF15A824C7BF3000EF02A6 /* Assets.xcassets in Resources */,
				DFBF15B324C7BFEF00EF02A6 /* README.md in Resources */,
				DFBF15A624C7BF2F00EF02A6 /* Main.storyboard in Resources */,
				DF44838F24CAEEE40091FEA1 /* ScoreActivitiyItemCCell.xib in Resources */,
			);
			runOnlyForDeploymentPostprocessing = 0;
		};
/* End PBXResourcesBuildPhase section */

/* Begin PBXShellScriptBuildPhase section */
		6D39D74A19DB9F47510137A7 /* [CP] Embed Pods Frameworks */ = {
			isa = PBXShellScriptBuildPhase;
			buildActionMask = 2147483647;
			files = (
			);
			inputFileListPaths = (
				"${PODS_ROOT}/Target Support Files/Pods-SwiftComponentsDemo/Pods-SwiftComponentsDemo-frameworks-${CONFIGURATION}-input-files.xcfilelist",
			);
			name = "[CP] Embed Pods Frameworks";
			outputFileListPaths = (
				"${PODS_ROOT}/Target Support Files/Pods-SwiftComponentsDemo/Pods-SwiftComponentsDemo-frameworks-${CONFIGURATION}-output-files.xcfilelist",
			);
			runOnlyForDeploymentPostprocessing = 0;
			shellPath = /bin/sh;
			shellScript = "\"${PODS_ROOT}/Target Support Files/Pods-SwiftComponentsDemo/Pods-SwiftComponentsDemo-frameworks.sh\"\n";
			showEnvVarsInLog = 0;
		};
		E9DA64AF63733E28850BC15C /* [CP] Check Pods Manifest.lock */ = {
			isa = PBXShellScriptBuildPhase;
			buildActionMask = 2147483647;
			files = (
			);
			inputFileListPaths = (
			);
			inputPaths = (
				"${PODS_PODFILE_DIR_PATH}/Podfile.lock",
				"${PODS_ROOT}/Manifest.lock",
			);
			name = "[CP] Check Pods Manifest.lock";
			outputFileListPaths = (
			);
			outputPaths = (
				"$(DERIVED_FILE_DIR)/Pods-SwiftComponentsDemo-checkManifestLockResult.txt",
			);
			runOnlyForDeploymentPostprocessing = 0;
			shellPath = /bin/sh;
			shellScript = "diff \"${PODS_PODFILE_DIR_PATH}/Podfile.lock\" \"${PODS_ROOT}/Manifest.lock\" > /dev/null\nif [ $? != 0 ] ; then\n    # print error to STDERR\n    echo \"error: The sandbox is not in sync with the Podfile.lock. Run 'pod install' or update your CocoaPods installation.\" >&2\n    exit 1\nfi\n# This output is used by Xcode 'outputs' to avoid re-running this script phase.\necho \"SUCCESS\" > \"${SCRIPT_OUTPUT_FILE_0}\"\n";
			showEnvVarsInLog = 0;
		};
/* End PBXShellScriptBuildPhase section */

/* Begin PBXSourcesBuildPhase section */
		DFBF159724C7BF2F00EF02A6 /* Sources */ = {
			isa = PBXSourcesBuildPhase;
			buildActionMask = 2147483647;
			files = (
				DF19C6A624D2F700000ABBE8 /* LZNavView.swift in Sources */,
				DF19C6BA24D2F700000ABBE8 /* BadgeView.swift in Sources */,
				DFEFFE3124D3AC4500E20BE9 /* BackgroundTimer.swift in Sources */,
				DF19C6BF24D2F700000ABBE8 /* UIMotionEffectExtensions.swift in Sources */,
				DFB1B39024CFB7970058E317 /* ProductDetailScoreCell.swift in Sources */,
				DF19C6BE24D2F700000ABBE8 /* UIStoryboardExtensions.swift in Sources */,
				DF19C6CC24D2F700000ABBE8 /* UIFontExtensions.swift in Sources */,
				DF44839024CAEEE40091FEA1 /* ScoreActivitiyItemCCell.swift in Sources */,
				DF19C6A824D2F700000ABBE8 /* TitleSubtitleLabel.swift in Sources */,
				DF19C6B624D2F700000ABBE8 /* UIScrollViewExtensions.swift in Sources */,
				DF19C6D224D2F700000ABBE8 /* URLExtensions.swift in Sources */,
				DF19C6C124D2F700000ABBE8 /* UIImageExtensions.swift in Sources */,
				DF19C6A724D2F700000ABBE8 /* LZToolBar.swift in Sources */,
				DFD73D6324DCEFD60073B5B7 /* RXComponent.swift in Sources */,
				DF19C6A224D2F700000ABBE8 /* Log.swift in Sources */,
				DF19C6B324D2F700000ABBE8 /* CGSizeExtensions.swift in Sources */,
				DF91024424DE4D0F004485DB /* ExtensionsComponent.swift in Sources */,
				DF19C6C524D2F700000ABBE8 /* UIWindowExtensions.swift in Sources */,
				DF19C6A424D2F700000ABBE8 /* Notification.Name+Extension.swift in Sources */,
				DF19C69E24D2F700000ABBE8 /* LZPresentTransitioningAnimate.swift in Sources */,
				DF19C6C824D2F700000ABBE8 /* UIApplicationExtensions.swift in Sources */,
				DF19C69C24D2F700000ABBE8 /* mc.swift in Sources */,
				DF19C6AA24D2F700000ABBE8 /* InfoCell.swift in Sources */,
				DF19C6C624D2F700000ABBE8 /* UILabelExtensions.swift in Sources */,
				DF19C6A924D2F700000ABBE8 /* QuickUI.swift in Sources */,
				DF19C6AB24D2F700000ABBE8 /* LZButton.swift in Sources */,
				DF57FFE024DD392B008C3FD1 /* MJRefresh+RX.swift in Sources */,
				DF19C6CB24D2F700000ABBE8 /* UIResponderExtensions.swift in Sources */,
				DF19C6E024D2F700000ABBE8 /* DoubleExtensions.swift in Sources */,
				DF19C6BC24D2F700000ABBE8 /* UICollectionViewExtensions.swift in Sources */,
				DF19C6E824D2F700000ABBE8 /* AuthorizationHeaderPlugin.swift in Sources */,
				DF19C6B924D2F700000ABBE8 /* UITextFieldExtensions.swift in Sources */,
				DF19C6EC24D2F700000ABBE8 /* Networking.swift in Sources */,
				DF19C6BB24D2F700000ABBE8 /* UIStackViewExtensions.swift in Sources */,
				DF19C6C324D2F700000ABBE8 /* UIViewExtensions.swift in Sources */,
				DF19C6D124D2F700000ABBE8 /* FileManagerExtensions.swift in Sources */,
				DF19C6C224D2F700000ABBE8 /* UINavigationControllerExtensions.swift in Sources */,
				DF19C6B124D2F700000ABBE8 /* ShowAnimate.swift in Sources */,
				DF19C6D524D2F700000ABBE8 /* CalendarExtensions.swift in Sources */,
				DF19C6E324D2F700000ABBE8 /* IntExtensions.swift in Sources */,
				DF19C6EB24D2F700000ABBE8 /* ResponsePlugin.swift in Sources */,
				DF19C6A524D2F700000ABBE8 /* KeyChainUUID.swift in Sources */,
				DF19C6B524D2F700000ABBE8 /* UITableViewExtensions.swift in Sources */,
				DF19C6AC24D2F700000ABBE8 /* Then.swift in Sources */,
				DF19C69F24D2F700000ABBE8 /* LZPresentationControlller.swift in Sources */,
				DFBF15A324C7BF2F00EF02A6 /* ViewController.swift in Sources */,
				DF19C6A024D2F700000ABBE8 /* LZPopupTransitioningAnimate.swift in Sources */,
				DF19C6E724D2F700000ABBE8 /* MoyaResult+Extension.swift in Sources */,
				DF19C6DE24D2F700000ABBE8 /* StringExtensions.swift in Sources */,
				DF19C6A324D2F700000ABBE8 /* URLHandler.swift in Sources */,
				DF19C6CE24D2F700000ABBE8 /* UIColorExtensions.swift in Sources */,
				DF19C6C024D2F700000ABBE8 /* UIViewControllerExtensions.swift in Sources */,
				DF19C6AE24D2F700000ABBE8 /* GlobalParameter.swift in Sources */,
				DF19C6B224D2F700000ABBE8 /* CGFloatExtensions.swift in Sources */,
				DF19C6E424D2F700000ABBE8 /* OptionalExtensions.swift in Sources */,
				DF19C6B024D2F700000ABBE8 /* KingfisherExtensions.swift in Sources */,
				DF19C6C924D2F700000ABBE8 /* UIDeviceExtensions.swift in Sources */,
				DF19C6A124D2F700000ABBE8 /* LZTransitioningAnimate.swift in Sources */,
				DF19C6EA24D2F700000ABBE8 /* NetworkLoggerPlugin.swift in Sources */,
				DF19C6CF24D2F700000ABBE8 /* UserDefaultsExtensions.swift in Sources */,
				DF57FFE424DD4150008C3FD1 /* UIView+HUD.swift in Sources */,
				DF19C6AF24D2F700000ABBE8 /* SnapKitExtensions.swift in Sources */,
				DF19C6B724D2F700000ABBE8 /* UISearchBarExtension.swift in Sources */,
				DF19C6AD24D2F700000ABBE8 /* DiskCache.swift in Sources */,
				DF19C6E624D2F700000ABBE8 /* TargetType+Extension.swift in Sources */,
				DF19C6D424D2F700000ABBE8 /* NSAttributedStringExtensions.swift in Sources */,
				DF19C6B424D2F700000ABBE8 /* CALayerExtensions.swift in Sources */,
				DF19C6C424D2F700000ABBE8 /* UIControlExtensions.swift in Sources */,
				DF19C6E924D2F700000ABBE8 /* NetworkHeaderPlugin.swift in Sources */,
				DF19C6BD24D2F700000ABBE8 /* UITextViewExtensions.swift in Sources */,
				DF19C6C724D2F700000ABBE8 /* UIButtonExtensions.swift in Sources */,
				DF19C69D24D2F700000ABBE8 /* AppPermissionService.swift in Sources */,
				DFBF159F24C7BF2F00EF02A6 /* AppDelegate.swift in Sources */,
				DF95D25524E0C866007B4D1C /* HUD+RX.swift in Sources */,
			);
			runOnlyForDeploymentPostprocessing = 0;
		};
/* End PBXSourcesBuildPhase section */

/* Begin PBXVariantGroup section */
		DFBF15A424C7BF2F00EF02A6 /* Main.storyboard */ = {
			isa = PBXVariantGroup;
			children = (
				DFBF15A524C7BF2F00EF02A6 /* Base */,
			);
			name = Main.storyboard;
			sourceTree = "<group>";
		};
		DFBF15A924C7BF3000EF02A6 /* LaunchScreen.storyboard */ = {
			isa = PBXVariantGroup;
			children = (
				DFBF15AA24C7BF3000EF02A6 /* Base */,
			);
			name = LaunchScreen.storyboard;
			sourceTree = "<group>";
		};
/* End PBXVariantGroup section */

/* Begin XCBuildConfiguration section */
		DFBF15AD24C7BF3000EF02A6 /* Debug */ = {
			isa = XCBuildConfiguration;
			buildSettings = {
				ALWAYS_SEARCH_USER_PATHS = NO;
				CLANG_ANALYZER_NONNULL = YES;
				CLANG_ANALYZER_NUMBER_OBJECT_CONVERSION = YES_AGGRESSIVE;
				CLANG_CXX_LANGUAGE_STANDARD = "gnu++14";
				CLANG_CXX_LIBRARY = "libc++";
				CLANG_ENABLE_MODULES = YES;
				CLANG_ENABLE_OBJC_ARC = YES;
				CLANG_ENABLE_OBJC_WEAK = YES;
				CLANG_WARN_BLOCK_CAPTURE_AUTORELEASING = YES;
				CLANG_WARN_BOOL_CONVERSION = YES;
				CLANG_WARN_COMMA = YES;
				CLANG_WARN_CONSTANT_CONVERSION = YES;
				CLANG_WARN_DEPRECATED_OBJC_IMPLEMENTATIONS = YES;
				CLANG_WARN_DIRECT_OBJC_ISA_USAGE = YES_ERROR;
				CLANG_WARN_DOCUMENTATION_COMMENTS = YES;
				CLANG_WARN_EMPTY_BODY = YES;
				CLANG_WARN_ENUM_CONVERSION = YES;
				CLANG_WARN_INFINITE_RECURSION = YES;
				CLANG_WARN_INT_CONVERSION = YES;
				CLANG_WARN_NON_LITERAL_NULL_CONVERSION = YES;
				CLANG_WARN_OBJC_IMPLICIT_RETAIN_SELF = YES;
				CLANG_WARN_OBJC_LITERAL_CONVERSION = YES;
				CLANG_WARN_OBJC_ROOT_CLASS = YES_ERROR;
				CLANG_WARN_RANGE_LOOP_ANALYSIS = YES;
				CLANG_WARN_STRICT_PROTOTYPES = YES;
				CLANG_WARN_SUSPICIOUS_MOVE = YES;
				CLANG_WARN_UNGUARDED_AVAILABILITY = YES_AGGRESSIVE;
				CLANG_WARN_UNREACHABLE_CODE = YES;
				CLANG_WARN__DUPLICATE_METHOD_MATCH = YES;
				COPY_PHASE_STRIP = NO;
				DEBUG_INFORMATION_FORMAT = dwarf;
				ENABLE_STRICT_OBJC_MSGSEND = YES;
				ENABLE_TESTABILITY = YES;
				GCC_C_LANGUAGE_STANDARD = gnu11;
				GCC_DYNAMIC_NO_PIC = NO;
				GCC_NO_COMMON_BLOCKS = YES;
				GCC_OPTIMIZATION_LEVEL = 0;
				GCC_PREPROCESSOR_DEFINITIONS = (
					"DEBUG=1",
					"$(inherited)",
				);
				GCC_WARN_64_TO_32_BIT_CONVERSION = YES;
				GCC_WARN_ABOUT_RETURN_TYPE = YES_ERROR;
				GCC_WARN_UNDECLARED_SELECTOR = YES;
				GCC_WARN_UNINITIALIZED_AUTOS = YES_AGGRESSIVE;
				GCC_WARN_UNUSED_FUNCTION = YES;
				GCC_WARN_UNUSED_VARIABLE = YES;
				IPHONEOS_DEPLOYMENT_TARGET = 13.5;
				MTL_ENABLE_DEBUG_INFO = INCLUDE_SOURCE;
				MTL_FAST_MATH = YES;
				ONLY_ACTIVE_ARCH = YES;
				SDKROOT = iphoneos;
				SWIFT_ACTIVE_COMPILATION_CONDITIONS = DEBUG;
				SWIFT_OPTIMIZATION_LEVEL = "-Onone";
			};
			name = Debug;
		};
		DFBF15AE24C7BF3000EF02A6 /* Release */ = {
			isa = XCBuildConfiguration;
			buildSettings = {
				ALWAYS_SEARCH_USER_PATHS = NO;
				CLANG_ANALYZER_NONNULL = YES;
				CLANG_ANALYZER_NUMBER_OBJECT_CONVERSION = YES_AGGRESSIVE;
				CLANG_CXX_LANGUAGE_STANDARD = "gnu++14";
				CLANG_CXX_LIBRARY = "libc++";
				CLANG_ENABLE_MODULES = YES;
				CLANG_ENABLE_OBJC_ARC = YES;
				CLANG_ENABLE_OBJC_WEAK = YES;
				CLANG_WARN_BLOCK_CAPTURE_AUTORELEASING = YES;
				CLANG_WARN_BOOL_CONVERSION = YES;
				CLANG_WARN_COMMA = YES;
				CLANG_WARN_CONSTANT_CONVERSION = YES;
				CLANG_WARN_DEPRECATED_OBJC_IMPLEMENTATIONS = YES;
				CLANG_WARN_DIRECT_OBJC_ISA_USAGE = YES_ERROR;
				CLANG_WARN_DOCUMENTATION_COMMENTS = YES;
				CLANG_WARN_EMPTY_BODY = YES;
				CLANG_WARN_ENUM_CONVERSION = YES;
				CLANG_WARN_INFINITE_RECURSION = YES;
				CLANG_WARN_INT_CONVERSION = YES;
				CLANG_WARN_NON_LITERAL_NULL_CONVERSION = YES;
				CLANG_WARN_OBJC_IMPLICIT_RETAIN_SELF = YES;
				CLANG_WARN_OBJC_LITERAL_CONVERSION = YES;
				CLANG_WARN_OBJC_ROOT_CLASS = YES_ERROR;
				CLANG_WARN_RANGE_LOOP_ANALYSIS = YES;
				CLANG_WARN_STRICT_PROTOTYPES = YES;
				CLANG_WARN_SUSPICIOUS_MOVE = YES;
				CLANG_WARN_UNGUARDED_AVAILABILITY = YES_AGGRESSIVE;
				CLANG_WARN_UNREACHABLE_CODE = YES;
				CLANG_WARN__DUPLICATE_METHOD_MATCH = YES;
				COPY_PHASE_STRIP = NO;
				DEBUG_INFORMATION_FORMAT = "dwarf-with-dsym";
				ENABLE_NS_ASSERTIONS = NO;
				ENABLE_STRICT_OBJC_MSGSEND = YES;
				GCC_C_LANGUAGE_STANDARD = gnu11;
				GCC_NO_COMMON_BLOCKS = YES;
				GCC_WARN_64_TO_32_BIT_CONVERSION = YES;
				GCC_WARN_ABOUT_RETURN_TYPE = YES_ERROR;
				GCC_WARN_UNDECLARED_SELECTOR = YES;
				GCC_WARN_UNINITIALIZED_AUTOS = YES_AGGRESSIVE;
				GCC_WARN_UNUSED_FUNCTION = YES;
				GCC_WARN_UNUSED_VARIABLE = YES;
				IPHONEOS_DEPLOYMENT_TARGET = 13.5;
				MTL_ENABLE_DEBUG_INFO = NO;
				MTL_FAST_MATH = YES;
				SDKROOT = iphoneos;
				SWIFT_COMPILATION_MODE = wholemodule;
				SWIFT_OPTIMIZATION_LEVEL = "-O";
				VALIDATE_PRODUCT = YES;
			};
			name = Release;
		};
		DFBF15B024C7BF3000EF02A6 /* Debug */ = {
			isa = XCBuildConfiguration;
			baseConfigurationReference = 7CFFACC0CC98302253712525 /* Pods-SwiftComponentsDemo.debug.xcconfig */;
			buildSettings = {
				ASSETCATALOG_COMPILER_APPICON_NAME = AppIcon;
				CODE_SIGN_STYLE = Automatic;
				DEVELOPMENT_TEAM = RC55F2EK57;
				INFOPLIST_FILE = SwiftComponentsDemo/Info.plist;
				IPHONEOS_DEPLOYMENT_TARGET = 11.3;
				LD_RUNPATH_SEARCH_PATHS = (
					"$(inherited)",
					"@executable_path/Frameworks",
				);
				PRODUCT_BUNDLE_IDENTIFIER = com.fbbc.SwiftComponentsDemo;
				PRODUCT_NAME = "$(TARGET_NAME)";
				SWIFT_VERSION = 5.0;
				TARGETED_DEVICE_FAMILY = "1,2";
			};
			name = Debug;
		};
		DFBF15B124C7BF3000EF02A6 /* Release */ = {
			isa = XCBuildConfiguration;
			baseConfigurationReference = FC9771D17CCE8F8C97DC255C /* Pods-SwiftComponentsDemo.release.xcconfig */;
			buildSettings = {
				ASSETCATALOG_COMPILER_APPICON_NAME = AppIcon;
				CODE_SIGN_STYLE = Automatic;
				DEVELOPMENT_TEAM = RC55F2EK57;
				INFOPLIST_FILE = SwiftComponentsDemo/Info.plist;
				IPHONEOS_DEPLOYMENT_TARGET = 11.3;
				LD_RUNPATH_SEARCH_PATHS = (
					"$(inherited)",
					"@executable_path/Frameworks",
				);
				PRODUCT_BUNDLE_IDENTIFIER = com.fbbc.SwiftComponentsDemo;
				PRODUCT_NAME = "$(TARGET_NAME)";
				SWIFT_VERSION = 5.0;
				TARGETED_DEVICE_FAMILY = "1,2";
			};
			name = Release;
		};
/* End XCBuildConfiguration section */

/* Begin XCConfigurationList section */
		DFBF159624C7BF2F00EF02A6 /* Build configuration list for PBXProject "SwiftComponentsDemo" */ = {
			isa = XCConfigurationList;
			buildConfigurations = (
				DFBF15AD24C7BF3000EF02A6 /* Debug */,
				DFBF15AE24C7BF3000EF02A6 /* Release */,
			);
			defaultConfigurationIsVisible = 0;
			defaultConfigurationName = Release;
		};
		DFBF15AF24C7BF3000EF02A6 /* Build configuration list for PBXNativeTarget "SwiftComponentsDemo" */ = {
			isa = XCConfigurationList;
			buildConfigurations = (
				DFBF15B024C7BF3000EF02A6 /* Debug */,
				DFBF15B124C7BF3000EF02A6 /* Release */,
			);
			defaultConfigurationIsVisible = 0;
			defaultConfigurationName = Release;
		};
/* End XCConfigurationList section */
	};
	rootObject = DFBF159324C7BF2F00EF02A6 /* Project object */;
}
