// !$*UTF8*$!
{
	archiveVersion = 1;
	classes = {
	};
	objectVersion = 51;
	objects = {

/* Begin PBXBuildFile section */
		767BAE4E758BE4B75DBB95D5 /* Pods_SwiftComponentsDemo.framework in Frameworks */ = {isa = PBXBuildFile; fileRef = D1EB4A7BBC4444795EB5EE5F /* Pods_SwiftComponentsDemo.framework */; };
		DF44838F24CAEEE40091FEA1 /* ScoreActivitiyItemCCell.xib in Resources */ = {isa = PBXBuildFile; fileRef = DF44838D24CAEEE40091FEA1 /* ScoreActivitiyItemCCell.xib */; };
		DF44839024CAEEE40091FEA1 /* ScoreActivitiyItemCCell.swift in Sources */ = {isa = PBXBuildFile; fileRef = DF44838E24CAEEE40091FEA1 /* ScoreActivitiyItemCCell.swift */; };
		DFB1B38E24CFB0D00058E317 /* TitleSubtitleLabel.swift in Sources */ = {isa = PBXBuildFile; fileRef = DFB1B38D24CFB0D00058E317 /* TitleSubtitleLabel.swift */; };
		DFB1B39024CFB7970058E317 /* ProductDetailScoreCell.swift in Sources */ = {isa = PBXBuildFile; fileRef = DFB1B38F24CFB7970058E317 /* ProductDetailScoreCell.swift */; };
		DFBF159F24C7BF2F00EF02A6 /* AppDelegate.swift in Sources */ = {isa = PBXBuildFile; fileRef = DFBF159E24C7BF2F00EF02A6 /* AppDelegate.swift */; };
		DFBF15A324C7BF2F00EF02A6 /* ViewController.swift in Sources */ = {isa = PBXBuildFile; fileRef = DFBF15A224C7BF2F00EF02A6 /* ViewController.swift */; };
		DFBF15A624C7BF2F00EF02A6 /* Main.storyboard in Resources */ = {isa = PBXBuildFile; fileRef = DFBF15A424C7BF2F00EF02A6 /* Main.storyboard */; };
		DFBF15A824C7BF3000EF02A6 /* Assets.xcassets in Resources */ = {isa = PBXBuildFile; fileRef = DFBF15A724C7BF3000EF02A6 /* Assets.xcassets */; };
		DFBF15AB24C7BF3000EF02A6 /* LaunchScreen.storyboard in Resources */ = {isa = PBXBuildFile; fileRef = DFBF15A924C7BF3000EF02A6 /* LaunchScreen.storyboard */; };
		DFBF15B324C7BFEF00EF02A6 /* README.md in Resources */ = {isa = PBXBuildFile; fileRef = DFBF15B224C7BFEF00EF02A6 /* README.md */; };
		DFBF175824C7E04900EF02A6 /* ShowAnimate.swift in Sources */ = {isa = PBXBuildFile; fileRef = DFBF175724C7E04900EF02A6 /* ShowAnimate.swift */; };
/* End PBXBuildFile section */

/* Begin PBXFileReference section */
		7CFFACC0CC98302253712525 /* Pods-SwiftComponentsDemo.debug.xcconfig */ = {isa = PBXFileReference; includeInIndex = 1; lastKnownFileType = text.xcconfig; name = "Pods-SwiftComponentsDemo.debug.xcconfig"; path = "Target Support Files/Pods-SwiftComponentsDemo/Pods-SwiftComponentsDemo.debug.xcconfig"; sourceTree = "<group>"; };
		D1EB4A7BBC4444795EB5EE5F /* Pods_SwiftComponentsDemo.framework */ = {isa = PBXFileReference; explicitFileType = wrapper.framework; includeInIndex = 0; path = Pods_SwiftComponentsDemo.framework; sourceTree = BUILT_PRODUCTS_DIR; };
		DF44838D24CAEEE40091FEA1 /* ScoreActivitiyItemCCell.xib */ = {isa = PBXFileReference; fileEncoding = 4; lastKnownFileType = file.xib; path = ScoreActivitiyItemCCell.xib; sourceTree = "<group>"; };
		DF44838E24CAEEE40091FEA1 /* ScoreActivitiyItemCCell.swift */ = {isa = PBXFileReference; fileEncoding = 4; lastKnownFileType = sourcecode.swift; path = ScoreActivitiyItemCCell.swift; sourceTree = "<group>"; };
		DFB1B38D24CFB0D00058E317 /* TitleSubtitleLabel.swift */ = {isa = PBXFileReference; fileEncoding = 4; lastKnownFileType = sourcecode.swift; path = TitleSubtitleLabel.swift; sourceTree = "<group>"; };
		DFB1B38F24CFB7970058E317 /* ProductDetailScoreCell.swift */ = {isa = PBXFileReference; lastKnownFileType = sourcecode.swift; path = ProductDetailScoreCell.swift; sourceTree = "<group>"; };
		DFBF159B24C7BF2F00EF02A6 /* SwiftComponentsDemo.app */ = {isa = PBXFileReference; explicitFileType = wrapper.application; includeInIndex = 0; path = SwiftComponentsDemo.app; sourceTree = BUILT_PRODUCTS_DIR; };
		DFBF159E24C7BF2F00EF02A6 /* AppDelegate.swift */ = {isa = PBXFileReference; lastKnownFileType = sourcecode.swift; path = AppDelegate.swift; sourceTree = "<group>"; };
		DFBF15A224C7BF2F00EF02A6 /* ViewController.swift */ = {isa = PBXFileReference; lastKnownFileType = sourcecode.swift; path = ViewController.swift; sourceTree = "<group>"; };
		DFBF15A524C7BF2F00EF02A6 /* Base */ = {isa = PBXFileReference; lastKnownFileType = file.storyboard; name = Base; path = Base.lproj/Main.storyboard; sourceTree = "<group>"; };
		DFBF15A724C7BF3000EF02A6 /* Assets.xcassets */ = {isa = PBXFileReference; lastKnownFileType = folder.assetcatalog; path = Assets.xcassets; sourceTree = "<group>"; };
		DFBF15AA24C7BF3000EF02A6 /* Base */ = {isa = PBXFileReference; lastKnownFileType = file.storyboard; name = Base; path = Base.lproj/LaunchScreen.storyboard; sourceTree = "<group>"; };
		DFBF15AC24C7BF3000EF02A6 /* Info.plist */ = {isa = PBXFileReference; lastKnownFileType = text.plist.xml; path = Info.plist; sourceTree = "<group>"; };
		DFBF15B224C7BFEF00EF02A6 /* README.md */ = {isa = PBXFileReference; fileEncoding = 4; lastKnownFileType = net.daringfireball.markdown; path = README.md; sourceTree = "<group>"; };
		DFBF170024C7D04900EF02A6 /* LZNavView.swift */ = {isa = PBXFileReference; lastKnownFileType = sourcecode.swift; path = LZNavView.swift; sourceTree = "<group>"; };
		DFBF170124C7D04900EF02A6 /* LZToolBar.swift */ = {isa = PBXFileReference; lastKnownFileType = sourcecode.swift; path = LZToolBar.swift; sourceTree = "<group>"; };
		DFBF170224C7D04900EF02A6 /* mc.swift */ = {isa = PBXFileReference; lastKnownFileType = sourcecode.swift; path = mc.swift; sourceTree = "<group>"; };
		DFBF170324C7D04900EF02A6 /* AppPermissionService.swift */ = {isa = PBXFileReference; lastKnownFileType = sourcecode.swift; path = AppPermissionService.swift; sourceTree = "<group>"; };
		DFBF170524C7D04900EF02A6 /* LZPresentTransitioningAnimate.swift */ = {isa = PBXFileReference; lastKnownFileType = sourcecode.swift; path = LZPresentTransitioningAnimate.swift; sourceTree = "<group>"; };
		DFBF170624C7D04900EF02A6 /* LZPresentationControlller.swift */ = {isa = PBXFileReference; lastKnownFileType = sourcecode.swift; path = LZPresentationControlller.swift; sourceTree = "<group>"; };
		DFBF170724C7D04900EF02A6 /* LZPopupTransitioningAnimate.swift */ = {isa = PBXFileReference; lastKnownFileType = sourcecode.swift; path = LZPopupTransitioningAnimate.swift; sourceTree = "<group>"; };
		DFBF170824C7D04900EF02A6 /* LZTransitioningAnimate.swift */ = {isa = PBXFileReference; lastKnownFileType = sourcecode.swift; path = LZTransitioningAnimate.swift; sourceTree = "<group>"; };
		DFBF170924C7D04900EF02A6 /* Log.swift */ = {isa = PBXFileReference; lastKnownFileType = sourcecode.swift; path = Log.swift; sourceTree = "<group>"; };
		DFBF170A24C7D04900EF02A6 /* URLHandler.swift */ = {isa = PBXFileReference; lastKnownFileType = sourcecode.swift; path = URLHandler.swift; sourceTree = "<group>"; };
		DFBF170B24C7D04900EF02A6 /* QuickUI.swift */ = {isa = PBXFileReference; lastKnownFileType = sourcecode.swift; path = QuickUI.swift; sourceTree = "<group>"; };
		DFBF170C24C7D04900EF02A6 /* Notification.Name+Extension.swift */ = {isa = PBXFileReference; lastKnownFileType = sourcecode.swift; path = "Notification.Name+Extension.swift"; sourceTree = "<group>"; };
		DFBF170D24C7D04900EF02A6 /* KeyChainUUID.swift */ = {isa = PBXFileReference; lastKnownFileType = sourcecode.swift; path = KeyChainUUID.swift; sourceTree = "<group>"; };
		DFBF170E24C7D04900EF02A6 /* Then.swift */ = {isa = PBXFileReference; lastKnownFileType = sourcecode.swift; path = Then.swift; sourceTree = "<group>"; };
		DFBF170F24C7D04900EF02A6 /* DiskCache.swift */ = {isa = PBXFileReference; lastKnownFileType = sourcecode.swift; path = DiskCache.swift; sourceTree = "<group>"; };
		DFBF171024C7D04900EF02A6 /* LZButton.swift */ = {isa = PBXFileReference; lastKnownFileType = sourcecode.swift; path = LZButton.swift; sourceTree = "<group>"; };
		DFBF171124C7D04900EF02A6 /* GlobalParameter.swift */ = {isa = PBXFileReference; lastKnownFileType = sourcecode.swift; path = GlobalParameter.swift; sourceTree = "<group>"; };
		DFBF171224C7D04900EF02A6 /* SnapKitExtensions.swift */ = {isa = PBXFileReference; lastKnownFileType = sourcecode.swift; path = SnapKitExtensions.swift; sourceTree = "<group>"; };
		DFBF171324C7D04900EF02A6 /* KingfisherExtensions.swift */ = {isa = PBXFileReference; lastKnownFileType = sourcecode.swift; path = KingfisherExtensions.swift; sourceTree = "<group>"; };
		DFBF171624C7D04900EF02A6 /* CGFloatExtensions.swift */ = {isa = PBXFileReference; lastKnownFileType = sourcecode.swift; path = CGFloatExtensions.swift; sourceTree = "<group>"; };
		DFBF171724C7D04900EF02A6 /* CGSizeExtensions.swift */ = {isa = PBXFileReference; lastKnownFileType = sourcecode.swift; path = CGSizeExtensions.swift; sourceTree = "<group>"; };
		DFBF171924C7D04900EF02A6 /* CALayerExtensions.swift */ = {isa = PBXFileReference; lastKnownFileType = sourcecode.swift; path = CALayerExtensions.swift; sourceTree = "<group>"; };
		DFBF171A24C7D04900EF02A6 /* UITableViewExtensions.swift */ = {isa = PBXFileReference; lastKnownFileType = sourcecode.swift; path = UITableViewExtensions.swift; sourceTree = "<group>"; };
		DFBF171B24C7D04900EF02A6 /* UIScrollViewExtensions.swift */ = {isa = PBXFileReference; lastKnownFileType = sourcecode.swift; path = UIScrollViewExtensions.swift; sourceTree = "<group>"; };
		DFBF171C24C7D04900EF02A6 /* UISearchBarExtension.swift */ = {isa = PBXFileReference; lastKnownFileType = sourcecode.swift; path = UISearchBarExtension.swift; sourceTree = "<group>"; };
		DFBF171D24C7D04900EF02A6 /* UIImage+Gif.swift */ = {isa = PBXFileReference; lastKnownFileType = sourcecode.swift; path = "UIImage+Gif.swift"; sourceTree = "<group>"; };
		DFBF171E24C7D04900EF02A6 /* UITextFieldExtensions.swift */ = {isa = PBXFileReference; lastKnownFileType = sourcecode.swift; path = UITextFieldExtensions.swift; sourceTree = "<group>"; };
		DFBF171F24C7D04900EF02A6 /* BadgeView.swift */ = {isa = PBXFileReference; lastKnownFileType = sourcecode.swift; path = BadgeView.swift; sourceTree = "<group>"; };
		DFBF172024C7D04900EF02A6 /* UIStackViewExtensions.swift */ = {isa = PBXFileReference; lastKnownFileType = sourcecode.swift; path = UIStackViewExtensions.swift; sourceTree = "<group>"; };
		DFBF172124C7D04900EF02A6 /* UICollectionViewExtensions.swift */ = {isa = PBXFileReference; lastKnownFileType = sourcecode.swift; path = UICollectionViewExtensions.swift; sourceTree = "<group>"; };
		DFBF172224C7D04900EF02A6 /* UITextViewExtensions.swift */ = {isa = PBXFileReference; lastKnownFileType = sourcecode.swift; path = UITextViewExtensions.swift; sourceTree = "<group>"; };
		DFBF172324C7D04900EF02A6 /* UIStoryboardExtensions.swift */ = {isa = PBXFileReference; lastKnownFileType = sourcecode.swift; path = UIStoryboardExtensions.swift; sourceTree = "<group>"; };
		DFBF172424C7D04900EF02A6 /* UIMotionEffectExtensions.swift */ = {isa = PBXFileReference; lastKnownFileType = sourcecode.swift; path = UIMotionEffectExtensions.swift; sourceTree = "<group>"; };
		DFBF172524C7D04900EF02A6 /* UIViewControllerExtensions.swift */ = {isa = PBXFileReference; lastKnownFileType = sourcecode.swift; path = UIViewControllerExtensions.swift; sourceTree = "<group>"; };
		DFBF172624C7D04900EF02A6 /* UIImageExtensions.swift */ = {isa = PBXFileReference; lastKnownFileType = sourcecode.swift; path = UIImageExtensions.swift; sourceTree = "<group>"; };
		DFBF172724C7D04900EF02A6 /* UINavigationControllerExtensions.swift */ = {isa = PBXFileReference; lastKnownFileType = sourcecode.swift; path = UINavigationControllerExtensions.swift; sourceTree = "<group>"; };
		DFBF172824C7D04900EF02A6 /* UIViewExtensions.swift */ = {isa = PBXFileReference; lastKnownFileType = sourcecode.swift; path = UIViewExtensions.swift; sourceTree = "<group>"; };
		DFBF172924C7D04900EF02A6 /* UIControlExtensions.swift */ = {isa = PBXFileReference; lastKnownFileType = sourcecode.swift; path = UIControlExtensions.swift; sourceTree = "<group>"; };
		DFBF172A24C7D04900EF02A6 /* UIWindowExtensions.swift */ = {isa = PBXFileReference; lastKnownFileType = sourcecode.swift; path = UIWindowExtensions.swift; sourceTree = "<group>"; };
		DFBF172B24C7D04900EF02A6 /* UILabelExtensions.swift */ = {isa = PBXFileReference; lastKnownFileType = sourcecode.swift; path = UILabelExtensions.swift; sourceTree = "<group>"; };
		DFBF172C24C7D04900EF02A6 /* UIButtonExtensions.swift */ = {isa = PBXFileReference; lastKnownFileType = sourcecode.swift; path = UIButtonExtensions.swift; sourceTree = "<group>"; };
		DFBF172D24C7D04900EF02A6 /* UIApplicationExtensions.swift */ = {isa = PBXFileReference; lastKnownFileType = sourcecode.swift; path = UIApplicationExtensions.swift; sourceTree = "<group>"; };
		DFBF172E24C7D04900EF02A6 /* UIDeviceExtensions.swift */ = {isa = PBXFileReference; lastKnownFileType = sourcecode.swift; path = UIDeviceExtensions.swift; sourceTree = "<group>"; };
		DFBF172F24C7D04900EF02A6 /* UIResponderExtensions.swift */ = {isa = PBXFileReference; lastKnownFileType = sourcecode.swift; path = UIResponderExtensions.swift; sourceTree = "<group>"; };
		DFBF173024C7D04900EF02A6 /* UIFontExtensions.swift */ = {isa = PBXFileReference; lastKnownFileType = sourcecode.swift; path = UIFontExtensions.swift; sourceTree = "<group>"; };
		DFBF173124C7D04900EF02A6 /* NibLoadable.swift */ = {isa = PBXFileReference; lastKnownFileType = sourcecode.swift; path = NibLoadable.swift; sourceTree = "<group>"; };
		DFBF173224C7D04900EF02A6 /* UIColorExtensions.swift */ = {isa = PBXFileReference; lastKnownFileType = sourcecode.swift; path = UIColorExtensions.swift; sourceTree = "<group>"; };
		DFBF173424C7D04900EF02A6 /* UserDefaultsExtensions.swift */ = {isa = PBXFileReference; lastKnownFileType = sourcecode.swift; path = UserDefaultsExtensions.swift; sourceTree = "<group>"; };
		DFBF173524C7D04900EF02A6 /* URLRequestExtensions.swift */ = {isa = PBXFileReference; lastKnownFileType = sourcecode.swift; path = URLRequestExtensions.swift; sourceTree = "<group>"; };
		DFBF173624C7D04900EF02A6 /* FileManagerExtensions.swift */ = {isa = PBXFileReference; lastKnownFileType = sourcecode.swift; path = FileManagerExtensions.swift; sourceTree = "<group>"; };
		DFBF173724C7D04900EF02A6 /* URLExtensions.swift */ = {isa = PBXFileReference; lastKnownFileType = sourcecode.swift; path = URLExtensions.swift; sourceTree = "<group>"; };
		DFBF173824C7D04900EF02A6 /* DateExtensions.swift */ = {isa = PBXFileReference; lastKnownFileType = sourcecode.swift; path = DateExtensions.swift; sourceTree = "<group>"; };
		DFBF173924C7D04900EF02A6 /* NSAttributedStringExtensions.swift */ = {isa = PBXFileReference; lastKnownFileType = sourcecode.swift; path = NSAttributedStringExtensions.swift; sourceTree = "<group>"; };
		DFBF173A24C7D04900EF02A6 /* CalendarExtensions.swift */ = {isa = PBXFileReference; lastKnownFileType = sourcecode.swift; path = CalendarExtensions.swift; sourceTree = "<group>"; };
		DFBF173C24C7D04900EF02A6 /* SignedIntegerExtensions.swift */ = {isa = PBXFileReference; lastKnownFileType = sourcecode.swift; path = SignedIntegerExtensions.swift; sourceTree = "<group>"; };
		DFBF173D24C7D04900EF02A6 /* BidirectionalCollectionExtensions.swift */ = {isa = PBXFileReference; lastKnownFileType = sourcecode.swift; path = BidirectionalCollectionExtensions.swift; sourceTree = "<group>"; };
		DFBF173E24C7D04900EF02A6 /* ComparableExtensions.swift */ = {isa = PBXFileReference; lastKnownFileType = sourcecode.swift; path = ComparableExtensions.swift; sourceTree = "<group>"; };
		DFBF173F24C7D04900EF02A6 /* ArrayExtensions.swift */ = {isa = PBXFileReference; lastKnownFileType = sourcecode.swift; path = ArrayExtensions.swift; sourceTree = "<group>"; };
		DFBF174024C7D04900EF02A6 /* BinaryFloatingPointExtensions.swift */ = {isa = PBXFileReference; lastKnownFileType = sourcecode.swift; path = BinaryFloatingPointExtensions.swift; sourceTree = "<group>"; };
		DFBF174124C7D04900EF02A6 /* FloatExtensions.swift */ = {isa = PBXFileReference; lastKnownFileType = sourcecode.swift; path = FloatExtensions.swift; sourceTree = "<group>"; };
		DFBF174224C7D04900EF02A6 /* SignedNumericExtensions.swift */ = {isa = PBXFileReference; lastKnownFileType = sourcecode.swift; path = SignedNumericExtensions.swift; sourceTree = "<group>"; };
		DFBF174324C7D04900EF02A6 /* DictionaryExtensions.swift */ = {isa = PBXFileReference; lastKnownFileType = sourcecode.swift; path = DictionaryExtensions.swift; sourceTree = "<group>"; };
		DFBF174424C7D04900EF02A6 /* StringExtensions.swift */ = {isa = PBXFileReference; lastKnownFileType = sourcecode.swift; path = StringExtensions.swift; sourceTree = "<group>"; };
		DFBF174524C7D04900EF02A6 /* BoolExtensions.swift */ = {isa = PBXFileReference; lastKnownFileType = sourcecode.swift; path = BoolExtensions.swift; sourceTree = "<group>"; };
		DFBF174624C7D04900EF02A6 /* DoubleExtensions.swift */ = {isa = PBXFileReference; lastKnownFileType = sourcecode.swift; path = DoubleExtensions.swift; sourceTree = "<group>"; };
		DFBF174724C7D04900EF02A6 /* CharacterExtensions.swift */ = {isa = PBXFileReference; lastKnownFileType = sourcecode.swift; path = CharacterExtensions.swift; sourceTree = "<group>"; };
		DFBF174824C7D04900EF02A6 /* FloatingPointExtensions.swift */ = {isa = PBXFileReference; lastKnownFileType = sourcecode.swift; path = FloatingPointExtensions.swift; sourceTree = "<group>"; };
		DFBF174924C7D04900EF02A6 /* IntExtensions.swift */ = {isa = PBXFileReference; lastKnownFileType = sourcecode.swift; path = IntExtensions.swift; sourceTree = "<group>"; };
		DFBF174A24C7D04900EF02A6 /* OptionalExtensions.swift */ = {isa = PBXFileReference; lastKnownFileType = sourcecode.swift; path = OptionalExtensions.swift; sourceTree = "<group>"; };
		DFBF174B24C7D04900EF02A6 /* CollectionExtensions.swift */ = {isa = PBXFileReference; lastKnownFileType = sourcecode.swift; path = CollectionExtensions.swift; sourceTree = "<group>"; };
		DFBF174D24C7D04900EF02A6 /* TargetType+Extension.swift */ = {isa = PBXFileReference; lastKnownFileType = sourcecode.swift; path = "TargetType+Extension.swift"; sourceTree = "<group>"; };
		DFBF174E24C7D04900EF02A6 /* MoyaResult+Extension.swift */ = {isa = PBXFileReference; lastKnownFileType = sourcecode.swift; path = "MoyaResult+Extension.swift"; sourceTree = "<group>"; };
		DFBF175024C7D04900EF02A6 /* AuthorizationHeaderPlugin.swift */ = {isa = PBXFileReference; lastKnownFileType = sourcecode.swift; path = AuthorizationHeaderPlugin.swift; sourceTree = "<group>"; };
		DFBF175124C7D04900EF02A6 /* NetworkHeaderPlugin.swift */ = {isa = PBXFileReference; lastKnownFileType = sourcecode.swift; path = NetworkHeaderPlugin.swift; sourceTree = "<group>"; };
		DFBF175224C7D04900EF02A6 /* NetworkLoggerPlugin.swift */ = {isa = PBXFileReference; lastKnownFileType = sourcecode.swift; path = NetworkLoggerPlugin.swift; sourceTree = "<group>"; };
		DFBF175324C7D04900EF02A6 /* ResponsePlugin.swift */ = {isa = PBXFileReference; lastKnownFileType = sourcecode.swift; path = ResponsePlugin.swift; sourceTree = "<group>"; };
		DFBF175424C7D04900EF02A6 /* Networking.swift */ = {isa = PBXFileReference; lastKnownFileType = sourcecode.swift; path = Networking.swift; sourceTree = "<group>"; };
		DFBF175724C7E04900EF02A6 /* ShowAnimate.swift */ = {isa = PBXFileReference; fileEncoding = 4; lastKnownFileType = sourcecode.swift; path = ShowAnimate.swift; sourceTree = "<group>"; };
		FC9771D17CCE8F8C97DC255C /* Pods-SwiftComponentsDemo.release.xcconfig */ = {isa = PBXFileReference; includeInIndex = 1; lastKnownFileType = text.xcconfig; name = "Pods-SwiftComponentsDemo.release.xcconfig"; path = "Target Support Files/Pods-SwiftComponentsDemo/Pods-SwiftComponentsDemo.release.xcconfig"; sourceTree = "<group>"; };
/* End PBXFileReference section */

/* Begin PBXFrameworksBuildPhase section */
		DFBF159824C7BF2F00EF02A6 /* Frameworks */ = {
			isa = PBXFrameworksBuildPhase;
			buildActionMask = 2147483647;
			files = (
				767BAE4E758BE4B75DBB95D5 /* Pods_SwiftComponentsDemo.framework in Frameworks */,
			);
			runOnlyForDeploymentPostprocessing = 0;
		};
/* End PBXFrameworksBuildPhase section */

/* Begin PBXGroup section */
		2D8C09760BCEEA27AFFFB616 /* Pods */ = {
			isa = PBXGroup;
			children = (
				7CFFACC0CC98302253712525 /* Pods-SwiftComponentsDemo.debug.xcconfig */,
				FC9771D17CCE8F8C97DC255C /* Pods-SwiftComponentsDemo.release.xcconfig */,
			);
			path = Pods;
			sourceTree = "<group>";
		};
		3CCB660E1F0407397A623204 /* Frameworks */ = {
			isa = PBXGroup;
			children = (
				D1EB4A7BBC4444795EB5EE5F /* Pods_SwiftComponentsDemo.framework */,
			);
			name = Frameworks;
			sourceTree = "<group>";
		};
		DF44838C24CAEEE40091FEA1 /* scoreActivitiy */ = {
			isa = PBXGroup;
			children = (
				DF44838D24CAEEE40091FEA1 /* ScoreActivitiyItemCCell.xib */,
				DF44838E24CAEEE40091FEA1 /* ScoreActivitiyItemCCell.swift */,
				DFB1B38F24CFB7970058E317 /* ProductDetailScoreCell.swift */,
			);
			path = scoreActivitiy;
			sourceTree = "<group>";
		};
		DFBF159224C7BF2F00EF02A6 = {
			isa = PBXGroup;
			children = (
				DFBF15B224C7BFEF00EF02A6 /* README.md */,
				DFBF16FE24C7D04900EF02A6 /* SwiftComponents */,
				DFBF159D24C7BF2F00EF02A6 /* SwiftComponentsDemo */,
				DFBF159C24C7BF2F00EF02A6 /* Products */,
				2D8C09760BCEEA27AFFFB616 /* Pods */,
				3CCB660E1F0407397A623204 /* Frameworks */,
			);
			sourceTree = "<group>";
		};
		DFBF159C24C7BF2F00EF02A6 /* Products */ = {
			isa = PBXGroup;
			children = (
				DFBF159B24C7BF2F00EF02A6 /* SwiftComponentsDemo.app */,
			);
			name = Products;
			sourceTree = "<group>";
		};
		DFBF159D24C7BF2F00EF02A6 /* SwiftComponentsDemo */ = {
			isa = PBXGroup;
			children = (
				DFB1B38D24CFB0D00058E317 /* TitleSubtitleLabel.swift */,
				DF44838C24CAEEE40091FEA1 /* scoreActivitiy */,
				DFBF159E24C7BF2F00EF02A6 /* AppDelegate.swift */,
				DFBF15A224C7BF2F00EF02A6 /* ViewController.swift */,
				DFBF15A424C7BF2F00EF02A6 /* Main.storyboard */,
				DFBF15A724C7BF3000EF02A6 /* Assets.xcassets */,
				DFBF15A924C7BF3000EF02A6 /* LaunchScreen.storyboard */,
				DFBF15AC24C7BF3000EF02A6 /* Info.plist */,
			);
			path = SwiftComponentsDemo;
			sourceTree = "<group>";
		};
		DFBF16FE24C7D04900EF02A6 /* SwiftComponents */ = {
			isa = PBXGroup;
			children = (
				DFBF16FF24C7D04900EF02A6 /* tools */,
				DFBF171424C7D04900EF02A6 /* Extensions */,
				DFBF174C24C7D04900EF02A6 /* service */,
			);
			path = SwiftComponents;
			sourceTree = "<group>";
		};
		DFBF16FF24C7D04900EF02A6 /* tools */ = {
			isa = PBXGroup;
			children = (
				DFBF175724C7E04900EF02A6 /* ShowAnimate.swift */,
				DFBF170024C7D04900EF02A6 /* LZNavView.swift */,
				DFBF170124C7D04900EF02A6 /* LZToolBar.swift */,
				DFBF170224C7D04900EF02A6 /* mc.swift */,
				DFBF170324C7D04900EF02A6 /* AppPermissionService.swift */,
				DFBF170424C7D04900EF02A6 /* TransitioningAnimate */,
				DFBF170924C7D04900EF02A6 /* Log.swift */,
				DFBF170A24C7D04900EF02A6 /* URLHandler.swift */,
				DFBF170B24C7D04900EF02A6 /* QuickUI.swift */,
				DFBF170C24C7D04900EF02A6 /* Notification.Name+Extension.swift */,
				DFBF170D24C7D04900EF02A6 /* KeyChainUUID.swift */,
				DFBF170E24C7D04900EF02A6 /* Then.swift */,
				DFBF170F24C7D04900EF02A6 /* DiskCache.swift */,
				DFBF171024C7D04900EF02A6 /* LZButton.swift */,
				DFBF171124C7D04900EF02A6 /* GlobalParameter.swift */,
				DFBF171224C7D04900EF02A6 /* SnapKitExtensions.swift */,
				DFBF171324C7D04900EF02A6 /* KingfisherExtensions.swift */,
			);
			path = tools;
			sourceTree = "<group>";
		};
		DFBF170424C7D04900EF02A6 /* TransitioningAnimate */ = {
			isa = PBXGroup;
			children = (
				DFBF170524C7D04900EF02A6 /* LZPresentTransitioningAnimate.swift */,
				DFBF170624C7D04900EF02A6 /* LZPresentationControlller.swift */,
				DFBF170724C7D04900EF02A6 /* LZPopupTransitioningAnimate.swift */,
				DFBF170824C7D04900EF02A6 /* LZTransitioningAnimate.swift */,
			);
			path = TransitioningAnimate;
			sourceTree = "<group>";
		};
		DFBF171424C7D04900EF02A6 /* Extensions */ = {
			isa = PBXGroup;
			children = (
				DFBF171524C7D04900EF02A6 /* CoreGraphics */,
				DFBF171824C7D04900EF02A6 /* UIKit */,
				DFBF173324C7D04900EF02A6 /* Foundation */,
				DFBF173B24C7D04900EF02A6 /* SwiftStdlib */,
			);
			path = Extensions;
			sourceTree = "<group>";
		};
		DFBF171524C7D04900EF02A6 /* CoreGraphics */ = {
			isa = PBXGroup;
			children = (
				DFBF171624C7D04900EF02A6 /* CGFloatExtensions.swift */,
				DFBF171724C7D04900EF02A6 /* CGSizeExtensions.swift */,
			);
			path = CoreGraphics;
			sourceTree = "<group>";
		};
		DFBF171824C7D04900EF02A6 /* UIKit */ = {
			isa = PBXGroup;
			children = (
				DFBF171924C7D04900EF02A6 /* CALayerExtensions.swift */,
				DFBF171A24C7D04900EF02A6 /* UITableViewExtensions.swift */,
				DFBF171B24C7D04900EF02A6 /* UIScrollViewExtensions.swift */,
				DFBF171C24C7D04900EF02A6 /* UISearchBarExtension.swift */,
				DFBF171D24C7D04900EF02A6 /* UIImage+Gif.swift */,
				DFBF171E24C7D04900EF02A6 /* UITextFieldExtensions.swift */,
				DFBF171F24C7D04900EF02A6 /* BadgeView.swift */,
				DFBF172024C7D04900EF02A6 /* UIStackViewExtensions.swift */,
				DFBF172124C7D04900EF02A6 /* UICollectionViewExtensions.swift */,
				DFBF172224C7D04900EF02A6 /* UITextViewExtensions.swift */,
				DFBF172324C7D04900EF02A6 /* UIStoryboardExtensions.swift */,
				DFBF172424C7D04900EF02A6 /* UIMotionEffectExtensions.swift */,
				DFBF172524C7D04900EF02A6 /* UIViewControllerExtensions.swift */,
				DFBF172624C7D04900EF02A6 /* UIImageExtensions.swift */,
				DFBF172724C7D04900EF02A6 /* UINavigationControllerExtensions.swift */,
				DFBF172824C7D04900EF02A6 /* UIViewExtensions.swift */,
				DFBF172924C7D04900EF02A6 /* UIControlExtensions.swift */,
				DFBF172A24C7D04900EF02A6 /* UIWindowExtensions.swift */,
				DFBF172B24C7D04900EF02A6 /* UILabelExtensions.swift */,
				DFBF172C24C7D04900EF02A6 /* UIButtonExtensions.swift */,
				DFBF172D24C7D04900EF02A6 /* UIApplicationExtensions.swift */,
				DFBF172E24C7D04900EF02A6 /* UIDeviceExtensions.swift */,
				DFBF172F24C7D04900EF02A6 /* UIResponderExtensions.swift */,
				DFBF173024C7D04900EF02A6 /* UIFontExtensions.swift */,
				DFBF173124C7D04900EF02A6 /* NibLoadable.swift */,
				DFBF173224C7D04900EF02A6 /* UIColorExtensions.swift */,
			);
			path = UIKit;
			sourceTree = "<group>";
		};
		DFBF173324C7D04900EF02A6 /* Foundation */ = {
			isa = PBXGroup;
			children = (
				DFBF173424C7D04900EF02A6 /* UserDefaultsExtensions.swift */,
				DFBF173524C7D04900EF02A6 /* URLRequestExtensions.swift */,
				DFBF173624C7D04900EF02A6 /* FileManagerExtensions.swift */,
				DFBF173724C7D04900EF02A6 /* URLExtensions.swift */,
				DFBF173824C7D04900EF02A6 /* DateExtensions.swift */,
				DFBF173924C7D04900EF02A6 /* NSAttributedStringExtensions.swift */,
				DFBF173A24C7D04900EF02A6 /* CalendarExtensions.swift */,
			);
			path = Foundation;
			sourceTree = "<group>";
		};
		DFBF173B24C7D04900EF02A6 /* SwiftStdlib */ = {
			isa = PBXGroup;
			children = (
				DFBF173C24C7D04900EF02A6 /* SignedIntegerExtensions.swift */,
				DFBF173D24C7D04900EF02A6 /* BidirectionalCollectionExtensions.swift */,
				DFBF173E24C7D04900EF02A6 /* ComparableExtensions.swift */,
				DFBF173F24C7D04900EF02A6 /* ArrayExtensions.swift */,
				DFBF174024C7D04900EF02A6 /* BinaryFloatingPointExtensions.swift */,
				DFBF174124C7D04900EF02A6 /* FloatExtensions.swift */,
				DFBF174224C7D04900EF02A6 /* SignedNumericExtensions.swift */,
				DFBF174324C7D04900EF02A6 /* DictionaryExtensions.swift */,
				DFBF174424C7D04900EF02A6 /* StringExtensions.swift */,
				DFBF174524C7D04900EF02A6 /* BoolExtensions.swift */,
				DFBF174624C7D04900EF02A6 /* DoubleExtensions.swift */,
				DFBF174724C7D04900EF02A6 /* CharacterExtensions.swift */,
				DFBF174824C7D04900EF02A6 /* FloatingPointExtensions.swift */,
				DFBF174924C7D04900EF02A6 /* IntExtensions.swift */,
				DFBF174A24C7D04900EF02A6 /* OptionalExtensions.swift */,
				DFBF174B24C7D04900EF02A6 /* CollectionExtensions.swift */,
			);
			path = SwiftStdlib;
			sourceTree = "<group>";
		};
		DFBF174C24C7D04900EF02A6 /* service */ = {
			isa = PBXGroup;
			children = (
				DFBF174F24C7D04900EF02A6 /* Plugins */,
				DFBF174D24C7D04900EF02A6 /* TargetType+Extension.swift */,
				DFBF174E24C7D04900EF02A6 /* MoyaResult+Extension.swift */,
				DFBF175424C7D04900EF02A6 /* Networking.swift */,
			);
			path = service;
			sourceTree = "<group>";
		};
		DFBF174F24C7D04900EF02A6 /* Plugins */ = {
			isa = PBXGroup;
			children = (
				DFBF175024C7D04900EF02A6 /* AuthorizationHeaderPlugin.swift */,
				DFBF175124C7D04900EF02A6 /* NetworkHeaderPlugin.swift */,
				DFBF175224C7D04900EF02A6 /* NetworkLoggerPlugin.swift */,
				DFBF175324C7D04900EF02A6 /* ResponsePlugin.swift */,
			);
			path = Plugins;
			sourceTree = "<group>";
		};
/* End PBXGroup section */

/* Begin PBXNativeTarget section */
		DFBF159A24C7BF2F00EF02A6 /* SwiftComponentsDemo */ = {
			isa = PBXNativeTarget;
			buildConfigurationList = DFBF15AF24C7BF3000EF02A6 /* Build configuration list for PBXNativeTarget "SwiftComponentsDemo" */;
			buildPhases = (
				E9DA64AF63733E28850BC15C /* [CP] Check Pods Manifest.lock */,
				DFBF159724C7BF2F00EF02A6 /* Sources */,
				DFBF159824C7BF2F00EF02A6 /* Frameworks */,
				DFBF159924C7BF2F00EF02A6 /* Resources */,
				5C61D30FB4FBA8D29815151F /* [CP] Embed Pods Frameworks */,
			);
			buildRules = (
			);
			dependencies = (
			);
			name = SwiftComponentsDemo;
			productName = SwiftComponentsDemo;
			productReference = DFBF159B24C7BF2F00EF02A6 /* SwiftComponentsDemo.app */;
			productType = "com.apple.product-type.application";
		};
/* End PBXNativeTarget section */

/* Begin PBXProject section */
		DFBF159324C7BF2F00EF02A6 /* Project object */ = {
			isa = PBXProject;
			attributes = {
				LastSwiftUpdateCheck = 1150;
				LastUpgradeCheck = 1150;
				ORGANIZATIONNAME = liangze;
				TargetAttributes = {
					DFBF159A24C7BF2F00EF02A6 = {
						CreatedOnToolsVersion = 11.5;
					};
				};
			};
			buildConfigurationList = DFBF159624C7BF2F00EF02A6 /* Build configuration list for PBXProject "SwiftComponentsDemo" */;
			compatibilityVersion = "Xcode 9.3";
			developmentRegion = en;
			hasScannedForEncodings = 0;
			knownRegions = (
				en,
				Base,
			);
			mainGroup = DFBF159224C7BF2F00EF02A6;
			productRefGroup = DFBF159C24C7BF2F00EF02A6 /* Products */;
			projectDirPath = "";
			projectRoot = "";
			targets = (
				DFBF159A24C7BF2F00EF02A6 /* SwiftComponentsDemo */,
			);
		};
/* End PBXProject section */

/* Begin PBXResourcesBuildPhase section */
		DFBF159924C7BF2F00EF02A6 /* Resources */ = {
			isa = PBXResourcesBuildPhase;
			buildActionMask = 2147483647;
			files = (
				DFBF15AB24C7BF3000EF02A6 /* LaunchScreen.storyboard in Resources */,
				DFBF15A824C7BF3000EF02A6 /* Assets.xcassets in Resources */,
				DFBF15B324C7BFEF00EF02A6 /* README.md in Resources */,
				DFBF15A624C7BF2F00EF02A6 /* Main.storyboard in Resources */,
				DF44838F24CAEEE40091FEA1 /* ScoreActivitiyItemCCell.xib in Resources */,
			);
			runOnlyForDeploymentPostprocessing = 0;
		};
/* End PBXResourcesBuildPhase section */

/* Begin PBXShellScriptBuildPhase section */
		5C61D30FB4FBA8D29815151F /* [CP] Embed Pods Frameworks */ = {
			isa = PBXShellScriptBuildPhase;
			buildActionMask = 2147483647;
			files = (
			);
			inputFileListPaths = (
				"${PODS_ROOT}/Target Support Files/Pods-SwiftComponentsDemo/Pods-SwiftComponentsDemo-frameworks-${CONFIGURATION}-input-files.xcfilelist",
			);
			name = "[CP] Embed Pods Frameworks";
			outputFileListPaths = (
				"${PODS_ROOT}/Target Support Files/Pods-SwiftComponentsDemo/Pods-SwiftComponentsDemo-frameworks-${CONFIGURATION}-output-files.xcfilelist",
			);
			runOnlyForDeploymentPostprocessing = 0;
			shellPath = /bin/sh;
			shellScript = "\"${PODS_ROOT}/Target Support Files/Pods-SwiftComponentsDemo/Pods-SwiftComponentsDemo-frameworks.sh\"\n";
			showEnvVarsInLog = 0;
		};
		E9DA64AF63733E28850BC15C /* [CP] Check Pods Manifest.lock */ = {
			isa = PBXShellScriptBuildPhase;
			buildActionMask = 2147483647;
			files = (
			);
			inputFileListPaths = (
			);
			inputPaths = (
				"${PODS_PODFILE_DIR_PATH}/Podfile.lock",
				"${PODS_ROOT}/Manifest.lock",
			);
			name = "[CP] Check Pods Manifest.lock";
			outputFileListPaths = (
			);
			outputPaths = (
				"$(DERIVED_FILE_DIR)/Pods-SwiftComponentsDemo-checkManifestLockResult.txt",
			);
			runOnlyForDeploymentPostprocessing = 0;
			shellPath = /bin/sh;
			shellScript = "diff \"${PODS_PODFILE_DIR_PATH}/Podfile.lock\" \"${PODS_ROOT}/Manifest.lock\" > /dev/null\nif [ $? != 0 ] ; then\n    # print error to STDERR\n    echo \"error: The sandbox is not in sync with the Podfile.lock. Run 'pod install' or update your CocoaPods installation.\" >&2\n    exit 1\nfi\n# This output is used by Xcode 'outputs' to avoid re-running this script phase.\necho \"SUCCESS\" > \"${SCRIPT_OUTPUT_FILE_0}\"\n";
			showEnvVarsInLog = 0;
		};
/* End PBXShellScriptBuildPhase section */

/* Begin PBXSourcesBuildPhase section */
		DFBF159724C7BF2F00EF02A6 /* Sources */ = {
			isa = PBXSourcesBuildPhase;
			buildActionMask = 2147483647;
			files = (
				DFB1B38E24CFB0D00058E317 /* TitleSubtitleLabel.swift in Sources */,
				DFB1B39024CFB7970058E317 /* ProductDetailScoreCell.swift in Sources */,
				DF44839024CAEEE40091FEA1 /* ScoreActivitiyItemCCell.swift in Sources */,
				DFBF15A324C7BF2F00EF02A6 /* ViewController.swift in Sources */,
				DFBF175824C7E04900EF02A6 /* ShowAnimate.swift in Sources */,
				DFBF159F24C7BF2F00EF02A6 /* AppDelegate.swift in Sources */,
			);
			runOnlyForDeploymentPostprocessing = 0;
		};
/* End PBXSourcesBuildPhase section */

/* Begin PBXVariantGroup section */
		DFBF15A424C7BF2F00EF02A6 /* Main.storyboard */ = {
			isa = PBXVariantGroup;
			children = (
				DFBF15A524C7BF2F00EF02A6 /* Base */,
			);
			name = Main.storyboard;
			sourceTree = "<group>";
		};
		DFBF15A924C7BF3000EF02A6 /* LaunchScreen.storyboard */ = {
			isa = PBXVariantGroup;
			children = (
				DFBF15AA24C7BF3000EF02A6 /* Base */,
			);
			name = LaunchScreen.storyboard;
			sourceTree = "<group>";
		};
/* End PBXVariantGroup section */

/* Begin XCBuildConfiguration section */
		DFBF15AD24C7BF3000EF02A6 /* Debug */ = {
			isa = XCBuildConfiguration;
			buildSettings = {
				ALWAYS_SEARCH_USER_PATHS = NO;
				CLANG_ANALYZER_NONNULL = YES;
				CLANG_ANALYZER_NUMBER_OBJECT_CONVERSION = YES_AGGRESSIVE;
				CLANG_CXX_LANGUAGE_STANDARD = "gnu++14";
				CLANG_CXX_LIBRARY = "libc++";
				CLANG_ENABLE_MODULES = YES;
				CLANG_ENABLE_OBJC_ARC = YES;
				CLANG_ENABLE_OBJC_WEAK = YES;
				CLANG_WARN_BLOCK_CAPTURE_AUTORELEASING = YES;
				CLANG_WARN_BOOL_CONVERSION = YES;
				CLANG_WARN_COMMA = YES;
				CLANG_WARN_CONSTANT_CONVERSION = YES;
				CLANG_WARN_DEPRECATED_OBJC_IMPLEMENTATIONS = YES;
				CLANG_WARN_DIRECT_OBJC_ISA_USAGE = YES_ERROR;
				CLANG_WARN_DOCUMENTATION_COMMENTS = YES;
				CLANG_WARN_EMPTY_BODY = YES;
				CLANG_WARN_ENUM_CONVERSION = YES;
				CLANG_WARN_INFINITE_RECURSION = YES;
				CLANG_WARN_INT_CONVERSION = YES;
				CLANG_WARN_NON_LITERAL_NULL_CONVERSION = YES;
				CLANG_WARN_OBJC_IMPLICIT_RETAIN_SELF = YES;
				CLANG_WARN_OBJC_LITERAL_CONVERSION = YES;
				CLANG_WARN_OBJC_ROOT_CLASS = YES_ERROR;
				CLANG_WARN_RANGE_LOOP_ANALYSIS = YES;
				CLANG_WARN_STRICT_PROTOTYPES = YES;
				CLANG_WARN_SUSPICIOUS_MOVE = YES;
				CLANG_WARN_UNGUARDED_AVAILABILITY = YES_AGGRESSIVE;
				CLANG_WARN_UNREACHABLE_CODE = YES;
				CLANG_WARN__DUPLICATE_METHOD_MATCH = YES;
				COPY_PHASE_STRIP = NO;
				DEBUG_INFORMATION_FORMAT = dwarf;
				ENABLE_STRICT_OBJC_MSGSEND = YES;
				ENABLE_TESTABILITY = YES;
				GCC_C_LANGUAGE_STANDARD = gnu11;
				GCC_DYNAMIC_NO_PIC = NO;
				GCC_NO_COMMON_BLOCKS = YES;
				GCC_OPTIMIZATION_LEVEL = 0;
				GCC_PREPROCESSOR_DEFINITIONS = (
					"DEBUG=1",
					"$(inherited)",
				);
				GCC_WARN_64_TO_32_BIT_CONVERSION = YES;
				GCC_WARN_ABOUT_RETURN_TYPE = YES_ERROR;
				GCC_WARN_UNDECLARED_SELECTOR = YES;
				GCC_WARN_UNINITIALIZED_AUTOS = YES_AGGRESSIVE;
				GCC_WARN_UNUSED_FUNCTION = YES;
				GCC_WARN_UNUSED_VARIABLE = YES;
				IPHONEOS_DEPLOYMENT_TARGET = 13.5;
				MTL_ENABLE_DEBUG_INFO = INCLUDE_SOURCE;
				MTL_FAST_MATH = YES;
				ONLY_ACTIVE_ARCH = YES;
				SDKROOT = iphoneos;
				SWIFT_ACTIVE_COMPILATION_CONDITIONS = DEBUG;
				SWIFT_OPTIMIZATION_LEVEL = "-Onone";
			};
			name = Debug;
		};
		DFBF15AE24C7BF3000EF02A6 /* Release */ = {
			isa = XCBuildConfiguration;
			buildSettings = {
				ALWAYS_SEARCH_USER_PATHS = NO;
				CLANG_ANALYZER_NONNULL = YES;
				CLANG_ANALYZER_NUMBER_OBJECT_CONVERSION = YES_AGGRESSIVE;
				CLANG_CXX_LANGUAGE_STANDARD = "gnu++14";
				CLANG_CXX_LIBRARY = "libc++";
				CLANG_ENABLE_MODULES = YES;
				CLANG_ENABLE_OBJC_ARC = YES;
				CLANG_ENABLE_OBJC_WEAK = YES;
				CLANG_WARN_BLOCK_CAPTURE_AUTORELEASING = YES;
				CLANG_WARN_BOOL_CONVERSION = YES;
				CLANG_WARN_COMMA = YES;
				CLANG_WARN_CONSTANT_CONVERSION = YES;
				CLANG_WARN_DEPRECATED_OBJC_IMPLEMENTATIONS = YES;
				CLANG_WARN_DIRECT_OBJC_ISA_USAGE = YES_ERROR;
				CLANG_WARN_DOCUMENTATION_COMMENTS = YES;
				CLANG_WARN_EMPTY_BODY = YES;
				CLANG_WARN_ENUM_CONVERSION = YES;
				CLANG_WARN_INFINITE_RECURSION = YES;
				CLANG_WARN_INT_CONVERSION = YES;
				CLANG_WARN_NON_LITERAL_NULL_CONVERSION = YES;
				CLANG_WARN_OBJC_IMPLICIT_RETAIN_SELF = YES;
				CLANG_WARN_OBJC_LITERAL_CONVERSION = YES;
				CLANG_WARN_OBJC_ROOT_CLASS = YES_ERROR;
				CLANG_WARN_RANGE_LOOP_ANALYSIS = YES;
				CLANG_WARN_STRICT_PROTOTYPES = YES;
				CLANG_WARN_SUSPICIOUS_MOVE = YES;
				CLANG_WARN_UNGUARDED_AVAILABILITY = YES_AGGRESSIVE;
				CLANG_WARN_UNREACHABLE_CODE = YES;
				CLANG_WARN__DUPLICATE_METHOD_MATCH = YES;
				COPY_PHASE_STRIP = NO;
				DEBUG_INFORMATION_FORMAT = "dwarf-with-dsym";
				ENABLE_NS_ASSERTIONS = NO;
				ENABLE_STRICT_OBJC_MSGSEND = YES;
				GCC_C_LANGUAGE_STANDARD = gnu11;
				GCC_NO_COMMON_BLOCKS = YES;
				GCC_WARN_64_TO_32_BIT_CONVERSION = YES;
				GCC_WARN_ABOUT_RETURN_TYPE = YES_ERROR;
				GCC_WARN_UNDECLARED_SELECTOR = YES;
				GCC_WARN_UNINITIALIZED_AUTOS = YES_AGGRESSIVE;
				GCC_WARN_UNUSED_FUNCTION = YES;
				GCC_WARN_UNUSED_VARIABLE = YES;
				IPHONEOS_DEPLOYMENT_TARGET = 13.5;
				MTL_ENABLE_DEBUG_INFO = NO;
				MTL_FAST_MATH = YES;
				SDKROOT = iphoneos;
				SWIFT_COMPILATION_MODE = wholemodule;
				SWIFT_OPTIMIZATION_LEVEL = "-O";
				VALIDATE_PRODUCT = YES;
			};
			name = Release;
		};
		DFBF15B024C7BF3000EF02A6 /* Debug */ = {
			isa = XCBuildConfiguration;
			baseConfigurationReference = 7CFFACC0CC98302253712525 /* Pods-SwiftComponentsDemo.debug.xcconfig */;
			buildSettings = {
				ASSETCATALOG_COMPILER_APPICON_NAME = AppIcon;
				CODE_SIGN_STYLE = Automatic;
				DEVELOPMENT_TEAM = RC55F2EK57;
				INFOPLIST_FILE = SwiftComponentsDemo/Info.plist;
				IPHONEOS_DEPLOYMENT_TARGET = 11.3;
				LD_RUNPATH_SEARCH_PATHS = (
					"$(inherited)",
					"@executable_path/Frameworks",
				);
				PRODUCT_BUNDLE_IDENTIFIER = com.fbbc.SwiftComponentsDemo;
				PRODUCT_NAME = "$(TARGET_NAME)";
				SWIFT_VERSION = 5.0;
				TARGETED_DEVICE_FAMILY = "1,2";
			};
			name = Debug;
		};
		DFBF15B124C7BF3000EF02A6 /* Release */ = {
			isa = XCBuildConfiguration;
			baseConfigurationReference = FC9771D17CCE8F8C97DC255C /* Pods-SwiftComponentsDemo.release.xcconfig */;
			buildSettings = {
				ASSETCATALOG_COMPILER_APPICON_NAME = AppIcon;
				CODE_SIGN_STYLE = Automatic;
				DEVELOPMENT_TEAM = RC55F2EK57;
				INFOPLIST_FILE = SwiftComponentsDemo/Info.plist;
				IPHONEOS_DEPLOYMENT_TARGET = 11.3;
				LD_RUNPATH_SEARCH_PATHS = (
					"$(inherited)",
					"@executable_path/Frameworks",
				);
				PRODUCT_BUNDLE_IDENTIFIER = com.fbbc.SwiftComponentsDemo;
				PRODUCT_NAME = "$(TARGET_NAME)";
				SWIFT_VERSION = 5.0;
				TARGETED_DEVICE_FAMILY = "1,2";
			};
			name = Release;
		};
/* End XCBuildConfiguration section */

/* Begin XCConfigurationList section */
		DFBF159624C7BF2F00EF02A6 /* Build configuration list for PBXProject "SwiftComponentsDemo" */ = {
			isa = XCConfigurationList;
			buildConfigurations = (
				DFBF15AD24C7BF3000EF02A6 /* Debug */,
				DFBF15AE24C7BF3000EF02A6 /* Release */,
			);
			defaultConfigurationIsVisible = 0;
			defaultConfigurationName = Release;
		};
		DFBF15AF24C7BF3000EF02A6 /* Build configuration list for PBXNativeTarget "SwiftComponentsDemo" */ = {
			isa = XCConfigurationList;
			buildConfigurations = (
				DFBF15B024C7BF3000EF02A6 /* Debug */,
				DFBF15B124C7BF3000EF02A6 /* Release */,
			);
			defaultConfigurationIsVisible = 0;
			defaultConfigurationName = Release;
		};
/* End XCConfigurationList section */
	};
	rootObject = DFBF159324C7BF2F00EF02A6 /* Project object */;
}
